// !$*UTF8*$!
{
	archiveVersion = 1;
	classes = {
	};
	objectVersion = 56;
	objects = {

/* Begin PBXBuildFile section */
		28AA160586CB690437FC981A /* Pods_tyte_tyteUITests.framework in Frameworks */ = {isa = PBXBuildFile; fileRef = 06F92F24E21CA0F7B5E8435C /* Pods_tyte_tyteUITests.framework */; };
		997473CDBAA79F44ECC0AB2A /* Pods_tyte.framework in Frameworks */ = {isa = PBXBuildFile; fileRef = DB38DA8C65F34015A1A4AE0C /* Pods_tyte.framework */; };
		9E17E61CBAC0141746961C94 /* Pods_tyte_widgetExtension.framework in Frameworks */ = {isa = PBXBuildFile; fileRef = 25BCFC825957DFAB07ACC653 /* Pods_tyte_widgetExtension.framework */; };
		AB10144C2C980F7F00F9A9BC /* Animation+.swift in Sources */ = {isa = PBXBuildFile; fileRef = AB10144B2C980F7F00F9A9BC /* Animation+.swift */; };
		AB155D652CA51F9C00F7DB8B /* CustomAlert.swift in Sources */ = {isa = PBXBuildFile; fileRef = AB155D642CA51F9C00F7DB8B /* CustomAlert.swift */; };
		AB1BE8DC2C9D480F00E18EF7 /* DetailView.swift in Sources */ = {isa = PBXBuildFile; fileRef = AB1BE8DB2C9D480F00E18EF7 /* DetailView.swift */; };
		AB21F09B2C9047D200AAADAB /* ColorPickerBottomSheet.swift in Sources */ = {isa = PBXBuildFile; fileRef = AB21F09A2C9047D200AAADAB /* ColorPickerBottomSheet.swift */; };
		AB2E88EB2C986C6400906446 /* KeychainManager.swift in Sources */ = {isa = PBXBuildFile; fileRef = AB2E88EA2C986C6400906446 /* KeychainManager.swift */; };
		AB4498832C8992B000B2B74A /* TodoEditBottomSheet.swift in Sources */ = {isa = PBXBuildFile; fileRef = AB4498822C8992B000B2B74A /* TodoEditBottomSheet.swift */; };
		AB4498852C89930500B2B74A /* String+.swift in Sources */ = {isa = PBXBuildFile; fileRef = AB4498842C89930500B2B74A /* String+.swift */; };
		AB44988B2C8ACCFE00B2B74A /* LaunchScreen.storyboard in Resources */ = {isa = PBXBuildFile; fileRef = AB44988A2C8ACCFE00B2B74A /* LaunchScreen.storyboard */; };
		AB5BB2782C836C0400DC4D72 /* tyteApp.swift in Sources */ = {isa = PBXBuildFile; fileRef = AB5BB2772C836C0400DC4D72 /* tyteApp.swift */; };
		AB5BB27C2C836C0500DC4D72 /* Assets.xcassets in Resources */ = {isa = PBXBuildFile; fileRef = AB5BB27B2C836C0500DC4D72 /* Assets.xcassets */; };
		AB5BB27F2C836C0500DC4D72 /* Preview Assets.xcassets in Resources */ = {isa = PBXBuildFile; fileRef = AB5BB27E2C836C0500DC4D72 /* Preview Assets.xcassets */; };
		AB5BB2892C836C0600DC4D72 /* tyteTests.swift in Sources */ = {isa = PBXBuildFile; fileRef = AB5BB2882C836C0600DC4D72 /* tyteTests.swift */; };
		AB5BB2932C836C0600DC4D72 /* tyteUITests.swift in Sources */ = {isa = PBXBuildFile; fileRef = AB5BB2922C836C0600DC4D72 /* tyteUITests.swift */; };
		AB5BB2952C836C0600DC4D72 /* tyteUITestsLaunchTests.swift in Sources */ = {isa = PBXBuildFile; fileRef = AB5BB2942C836C0600DC4D72 /* tyteUITestsLaunchTests.swift */; };
		AB688DC82CA3A71D00F6E699 /* CustomTextField.swift in Sources */ = {isa = PBXBuildFile; fileRef = AB688DC72CA3A71D00F6E699 /* CustomTextField.swift */; };
		AB688DCA2CA3AB7F00F6E699 /* CustomButton.swift in Sources */ = {isa = PBXBuildFile; fileRef = AB688DC92CA3AB7F00F6E699 /* CustomButton.swift */; };
		AB688DCC2CA3BE3300F6E699 /* EmptyStateBox.swift in Sources */ = {isa = PBXBuildFile; fileRef = AB688DCB2CA3BE3300F6E699 /* EmptyStateBox.swift */; };
		AB6A0F732C8ADF6000254299 /* CircularProgressView.swift in Sources */ = {isa = PBXBuildFile; fileRef = AB6A0F722C8ADF6000254299 /* CircularProgressView.swift */; };
		AB6A0F752C8AE5A000254299 /* CalendarView.swift in Sources */ = {isa = PBXBuildFile; fileRef = AB6A0F742C8AE5A000254299 /* CalendarView.swift */; };
		AB6A0F772C8E45F100254299 /* Color+.swift in Sources */ = {isa = PBXBuildFile; fileRef = AB6A0F762C8E45F100254299 /* Color+.swift */; };
		AB6A0F792C8EAF5500254299 /* Tag.swift in Sources */ = {isa = PBXBuildFile; fileRef = AB6A0F782C8EAF5500254299 /* Tag.swift */; };
		AB6A0F802C8EAFF700254299 /* AuthViewModel.swift in Sources */ = {isa = PBXBuildFile; fileRef = AB6A0F7F2C8EAFF700254299 /* AuthViewModel.swift */; };
		AB6A0F842C8EB02300254299 /* APIManager.swift in Sources */ = {isa = PBXBuildFile; fileRef = AB6A0F832C8EB02300254299 /* APIManager.swift */; };
		AB6A0F862C8EB02E00254299 /* APIError.swift in Sources */ = {isa = PBXBuildFile; fileRef = AB6A0F852C8EB02E00254299 /* APIError.swift */; };
		AB6A0F882C8EB03600254299 /* APIEndpoint.swift in Sources */ = {isa = PBXBuildFile; fileRef = AB6A0F872C8EB03600254299 /* APIEndpoint.swift */; };
		AB6A0F8B2C8EB32900254299 /* AuthService.swift in Sources */ = {isa = PBXBuildFile; fileRef = AB6A0F8A2C8EB32900254299 /* AuthService.swift */; };
		AB6A0F8D2C8EB43600254299 /* TodoService.swift in Sources */ = {isa = PBXBuildFile; fileRef = AB6A0F8C2C8EB43600254299 /* TodoService.swift */; };
		AB6A0F8F2C8EB68700254299 /* TagService.swift in Sources */ = {isa = PBXBuildFile; fileRef = AB6A0F8E2C8EB68700254299 /* TagService.swift */; };
		AB6A0F962C8EBBC400254299 /* DailyStatService.swift in Sources */ = {isa = PBXBuildFile; fileRef = AB6A0F952C8EBBC400254299 /* DailyStatService.swift */; };
		AB6A0F982C8EC56700254299 /* OnboardingView.swift in Sources */ = {isa = PBXBuildFile; fileRef = AB6A0F972C8EC56700254299 /* OnboardingView.swift */; };
		AB6A0F9C2C8EE85100254299 /* TagEditView.swift in Sources */ = {isa = PBXBuildFile; fileRef = AB6A0F9B2C8EE85100254299 /* TagEditView.swift */; };
		AB6A495F2C8606AF00B782A1 /* Int+.swift in Sources */ = {isa = PBXBuildFile; fileRef = AB6A495E2C8606AE00B782A1 /* Int+.swift */; };
		AB7846692C95E0A700349246 /* MyPageViewModel.swift in Sources */ = {isa = PBXBuildFile; fileRef = AB7846682C95E0A700349246 /* MyPageViewModel.swift */; };
		AB7EA4B02C901142000D2C4C /* MeshGradientView.swift in Sources */ = {isa = PBXBuildFile; fileRef = AB7EA4AF2C901142000D2C4C /* MeshGradientView.swift */; };
		AB84C5312C918EA9000164AC /* Utils.swift in Sources */ = {isa = PBXBuildFile; fileRef = AB84C5302C918EA9000164AC /* Utils.swift */; };
		AB87355B2CA916E60089844D /* PrivacyInfo.xcprivacy in Resources */ = {isa = PBXBuildFile; fileRef = AB87355A2CA916E60089844D /* PrivacyInfo.xcprivacy */; };
		AB87355E2CAA5F590089844D /* PopupType.swift in Sources */ = {isa = PBXBuildFile; fileRef = AB87355D2CAA5F590089844D /* PopupType.swift */; };
		AB9037262C9EB7D000F7BB73 /* WorkLifeBalancer.swift in Sources */ = {isa = PBXBuildFile; fileRef = AB9037252C9EB7D000F7BB73 /* WorkLifeBalancer.swift */; };
		ABA9206D2C889F3000B9F8F1 /* DailyStat.swift in Sources */ = {isa = PBXBuildFile; fileRef = ABA9206C2C889F3000B9F8F1 /* DailyStat.swift */; };
		ABA9206F2C88AAEB00B9F8F1 /* StatusBox.swift in Sources */ = {isa = PBXBuildFile; fileRef = ABA9206E2C88AAEB00B9F8F1 /* StatusBox.swift */; };
		ABA920772C897FC000B9F8F1 /* Font+.swift in Sources */ = {isa = PBXBuildFile; fileRef = ABA920762C897FC000B9F8F1 /* Font+.swift */; };
		ABA9207C2C8988E200B9F8F1 /* Pretendard-Medium.ttf in Resources */ = {isa = PBXBuildFile; fileRef = ABA920782C8988E200B9F8F1 /* Pretendard-Medium.ttf */; };
		ABA9207D2C8988E200B9F8F1 /* Pretendard-Black.ttf in Resources */ = {isa = PBXBuildFile; fileRef = ABA920792C8988E200B9F8F1 /* Pretendard-Black.ttf */; };
		ABA9207E2C8988E200B9F8F1 /* Pretendard-Bold.ttf in Resources */ = {isa = PBXBuildFile; fileRef = ABA9207A2C8988E200B9F8F1 /* Pretendard-Bold.ttf */; };
		ABA9207F2C8988E200B9F8F1 /* Pretendard-Regular.ttf in Resources */ = {isa = PBXBuildFile; fileRef = ABA9207B2C8988E200B9F8F1 /* Pretendard-Regular.ttf */; };
		ABB459A42C912A4400F61E83 /* TimeWheelPicker.swift in Sources */ = {isa = PBXBuildFile; fileRef = ABB459A32C912A4400F61E83 /* TimeWheelPicker.swift */; };
		ABC3A4D32C95A53300F43796 /* MyPageView.swift in Sources */ = {isa = PBXBuildFile; fileRef = ABC3A4D22C95A53300F43796 /* MyPageView.swift */; };
		ABC5D0462C9C010000676222 /* CreateTodoView.swift in Sources */ = {isa = PBXBuildFile; fileRef = ABC5D0452C9C010000676222 /* CreateTodoView.swift */; };
		ABC5D0482C9C020500676222 /* FloatingActionButton.swift in Sources */ = {isa = PBXBuildFile; fileRef = ABC5D0472C9C020500676222 /* FloatingActionButton.swift */; };
		ABC6CFB32C94267700C7DF1D /* DayView.swift in Sources */ = {isa = PBXBuildFile; fileRef = ABC6CFB22C94267700C7DF1D /* DayView.swift */; };
		ABC86D322C9F861C0089DC61 /* MultiLayerBottomSheet.swift in Sources */ = {isa = PBXBuildFile; fileRef = ABC86D312C9F861C0089DC61 /* MultiLayerBottomSheet.swift */; };
		ABC86D342C9F942B0089DC61 /* TabBarButton.swift in Sources */ = {isa = PBXBuildFile; fileRef = ABC86D332C9F942B0089DC61 /* TabBarButton.swift */; };
		ABC96FAB2C9CDF5000F57D05 /* CustomPopup.swift in Sources */ = {isa = PBXBuildFile; fileRef = ABC96FAA2C9CDF5000F57D05 /* CustomPopup.swift */; };
		ABC9937B2CABB7B100D8414F /* SettingsView.swift in Sources */ = {isa = PBXBuildFile; fileRef = ABC9937A2CABB7B100D8414F /* SettingsView.swift */; };
		ABD666BC2C83735F0005D3C1 /* HomeViewModel.swift in Sources */ = {isa = PBXBuildFile; fileRef = ABD666BB2C83735F0005D3C1 /* HomeViewModel.swift */; };
		ABD666C02C8373700005D3C1 /* Todo.swift in Sources */ = {isa = PBXBuildFile; fileRef = ABD666BF2C8373700005D3C1 /* Todo.swift */; };
		ABDE8B8E2C86D8AC00F3CB68 /* MainTabView.swift in Sources */ = {isa = PBXBuildFile; fileRef = ABDE8B8D2C86D8AC00F3CB68 /* MainTabView.swift */; };
		ABDE8B942C86F2A900F3CB68 /* HomeView.swift in Sources */ = {isa = PBXBuildFile; fileRef = ABDE8B932C86F2A900F3CB68 /* HomeView.swift */; };
		ABDE8B962C86F70000F3CB68 /* WeeklyCalender.swift in Sources */ = {isa = PBXBuildFile; fileRef = ABDE8B952C86F70000F3CB68 /* WeeklyCalender.swift */; };
		ABDE8B982C86FEE000F3CB68 /* Date+.swift in Sources */ = {isa = PBXBuildFile; fileRef = ABDE8B972C86FEE000F3CB68 /* Date+.swift */; };
		ABEA72332C98065B00D80633 /* ViewSelector.swift in Sources */ = {isa = PBXBuildFile; fileRef = ABEA72322C98065B00D80633 /* ViewSelector.swift */; };
		ABEF7D212C99842C00A76680 /* TodoItemView.swift in Sources */ = {isa = PBXBuildFile; fileRef = ABEF7D202C99842C00A76680 /* TodoItemView.swift */; };
		ABF02B072C9A39C900947DA4 /* MonthPicker.swift in Sources */ = {isa = PBXBuildFile; fileRef = ABF02B062C9A39C900947DA4 /* MonthPicker.swift */; };
		ABF02B0B2C9A5AB900947DA4 /* TagEditBottomSheet.swift in Sources */ = {isa = PBXBuildFile; fileRef = ABF02B0A2C9A5AB900947DA4 /* TagEditBottomSheet.swift */; };
		ABF93D2A2C95835E00C7D2BC /* GraphView.swift in Sources */ = {isa = PBXBuildFile; fileRef = ABF93D292C95835E00C7D2BC /* GraphView.swift */; };
		C16917DAB5D43DEC6C190F67 /* Pods_tyteTests.framework in Frameworks */ = {isa = PBXBuildFile; fileRef = 51CCAE5E991E1DAABAB97D3E /* Pods_tyteTests.framework */; };
		E52628832CC3563B004B290C /* Todo.swift in Sources */ = {isa = PBXBuildFile; fileRef = ABD666BF2C8373700005D3C1 /* Todo.swift */; };
		E52628922CC35684004B290C /* LoginRequest.swift in Sources */ = {isa = PBXBuildFile; fileRef = AB6A0F912C8EB6CA00254299 /* LoginRequest.swift */; };
		E52628932CC35684004B290C /* LoginResponse.swift in Sources */ = {isa = PBXBuildFile; fileRef = AB6A0F932C8EB6D400254299 /* LoginResponse.swift */; };
		E52628962CC3569B004B290C /* KeychainManager.swift in Sources */ = {isa = PBXBuildFile; fileRef = AB2E88EA2C986C6400906446 /* KeychainManager.swift */; };
		E52628992CC356E3004B290C /* TodoDataModel.swift in Sources */ = {isa = PBXBuildFile; fileRef = E52628982CC356E3004B290C /* TodoDataModel.swift */; };
		E52628CF2CC38D42004B290C /* AppState.swift in Sources */ = {isa = PBXBuildFile; fileRef = E52628CE2CC38D40004B290C /* AppState.swift */; };
		E52628D32CC392C7004B290C /* Tag.swift in Sources */ = {isa = PBXBuildFile; fileRef = AB6A0F782C8EAF5500254299 /* Tag.swift */; };
		E52628D92CC3A97F004B290C /* Font+.swift in Sources */ = {isa = PBXBuildFile; fileRef = ABA920762C897FC000B9F8F1 /* Font+.swift */; };
		E52628DA2CC3AB45004B290C /* Date+.swift in Sources */ = {isa = PBXBuildFile; fileRef = ABDE8B972C86FEE000F3CB68 /* Date+.swift */; };
		E52628DB2CC3AE56004B290C /* Pretendard-Black.ttf in Resources */ = {isa = PBXBuildFile; fileRef = ABA920792C8988E200B9F8F1 /* Pretendard-Black.ttf */; };
		E52628DC2CC3AE56004B290C /* Pretendard-Medium.ttf in Resources */ = {isa = PBXBuildFile; fileRef = ABA920782C8988E200B9F8F1 /* Pretendard-Medium.ttf */; };
		E52628DD2CC3AE56004B290C /* Pretendard-Bold.ttf in Resources */ = {isa = PBXBuildFile; fileRef = ABA9207A2C8988E200B9F8F1 /* Pretendard-Bold.ttf */; };
		E52628DE2CC3AE56004B290C /* Pretendard-Regular.ttf in Resources */ = {isa = PBXBuildFile; fileRef = ABA9207B2C8988E200B9F8F1 /* Pretendard-Regular.ttf */; };
		E55D8A7C2CBF7D6000849DF1 /* .gitignore in Resources */ = {isa = PBXBuildFile; fileRef = E55D8A7B2CBF7D6000849DF1 /* .gitignore */; };
		E5A4A83A2CC655DC00BD43F4 /* APIConstants.swift in Sources */ = {isa = PBXBuildFile; fileRef = E5A4A8392CC655D000BD43F4 /* APIConstants.swift */; };
		E5A4A83B2CC655DC00BD43F4 /* APIConstants.swift in Sources */ = {isa = PBXBuildFile; fileRef = E5A4A8392CC655D000BD43F4 /* APIConstants.swift */; };
		E5A4A8402CC65BD500BD43F4 /* Util.swift in Sources */ = {isa = PBXBuildFile; fileRef = E5A4A83F2CC65BD300BD43F4 /* Util.swift */; };
		E5A4A8422CC6733500BD43F4 /* TagEditViewModel.swift in Sources */ = {isa = PBXBuildFile; fileRef = E5A4A8412CC6733400BD43F4 /* TagEditViewModel.swift */; };
		E5D660242CBFB10300A8279B /* WidgetKit.framework in Frameworks */ = {isa = PBXBuildFile; fileRef = E5D660232CBFB10300A8279B /* WidgetKit.framework */; };
		E5D660262CBFB10300A8279B /* SwiftUI.framework in Frameworks */ = {isa = PBXBuildFile; fileRef = E5D660252CBFB10300A8279B /* SwiftUI.framework */; };
		E5D660372CBFB10400A8279B /* widgetExtension.appex in Embed Foundation Extensions */ = {isa = PBXBuildFile; fileRef = E5D660222CBFB10200A8279B /* widgetExtension.appex */; settings = {ATTRIBUTES = (RemoveHeadersOnCopy, ); }; };
		E5D660452CBFB1FB00A8279B /* AppIntent.swift in Sources */ = {isa = PBXBuildFile; fileRef = E5D6603D2CBFB1FB00A8279B /* AppIntent.swift */; };
		E5D660462CBFB1FB00A8279B /* widget.swift in Sources */ = {isa = PBXBuildFile; fileRef = E5D660402CBFB1FB00A8279B /* widget.swift */; };
		E5D660472CBFB1FB00A8279B /* widgetBundle.swift in Sources */ = {isa = PBXBuildFile; fileRef = E5D660412CBFB1FB00A8279B /* widgetBundle.swift */; };
		E5D660482CBFB1FB00A8279B /* widgetControl.swift in Sources */ = {isa = PBXBuildFile; fileRef = E5D660422CBFB1FB00A8279B /* widgetControl.swift */; };
		E5D660492CBFB1FB00A8279B /* widgetLiveActivity.swift in Sources */ = {isa = PBXBuildFile; fileRef = E5D660432CBFB1FB00A8279B /* widgetLiveActivity.swift */; };
		E5D6604A2CBFB1FB00A8279B /* Assets.xcassets in Resources */ = {isa = PBXBuildFile; fileRef = E5D6603E2CBFB1FB00A8279B /* Assets.xcassets */; };
/* End PBXBuildFile section */

/* Begin PBXContainerItemProxy section */
		AB5BB2852C836C0600DC4D72 /* PBXContainerItemProxy */ = {
			isa = PBXContainerItemProxy;
			containerPortal = AB5BB26C2C836C0400DC4D72 /* Project object */;
			proxyType = 1;
			remoteGlobalIDString = AB5BB2732C836C0400DC4D72;
			remoteInfo = tyte;
		};
		AB5BB28F2C836C0600DC4D72 /* PBXContainerItemProxy */ = {
			isa = PBXContainerItemProxy;
			containerPortal = AB5BB26C2C836C0400DC4D72 /* Project object */;
			proxyType = 1;
			remoteGlobalIDString = AB5BB2732C836C0400DC4D72;
			remoteInfo = tyte;
		};
		E5D660352CBFB10400A8279B /* PBXContainerItemProxy */ = {
			isa = PBXContainerItemProxy;
			containerPortal = AB5BB26C2C836C0400DC4D72 /* Project object */;
			proxyType = 1;
			remoteGlobalIDString = E5D660212CBFB10200A8279B;
			remoteInfo = widgetExtension;
		};
/* End PBXContainerItemProxy section */

/* Begin PBXCopyFilesBuildPhase section */
		E5D6603C2CBFB10400A8279B /* Embed Foundation Extensions */ = {
			isa = PBXCopyFilesBuildPhase;
			buildActionMask = 2147483647;
			dstPath = "";
			dstSubfolderSpec = 13;
			files = (
				E5D660372CBFB10400A8279B /* widgetExtension.appex in Embed Foundation Extensions */,
			);
			name = "Embed Foundation Extensions";
			runOnlyForDeploymentPostprocessing = 0;
		};
/* End PBXCopyFilesBuildPhase section */

/* Begin PBXFileReference section */
		01A1E39CC23F81D64A537AFE /* Pods-tyte-tyteUITests.debug.xcconfig */ = {isa = PBXFileReference; includeInIndex = 1; lastKnownFileType = text.xcconfig; name = "Pods-tyte-tyteUITests.debug.xcconfig"; path = "Target Support Files/Pods-tyte-tyteUITests/Pods-tyte-tyteUITests.debug.xcconfig"; sourceTree = "<group>"; };
		06F92F24E21CA0F7B5E8435C /* Pods_tyte_tyteUITests.framework */ = {isa = PBXFileReference; explicitFileType = wrapper.framework; includeInIndex = 0; path = Pods_tyte_tyteUITests.framework; sourceTree = BUILT_PRODUCTS_DIR; };
		25BCFC825957DFAB07ACC653 /* Pods_tyte_widgetExtension.framework */ = {isa = PBXFileReference; explicitFileType = wrapper.framework; includeInIndex = 0; path = Pods_tyte_widgetExtension.framework; sourceTree = BUILT_PRODUCTS_DIR; };
		330F032AADB57A56731B0F7A /* Pods-tyte.debug.xcconfig */ = {isa = PBXFileReference; includeInIndex = 1; lastKnownFileType = text.xcconfig; name = "Pods-tyte.debug.xcconfig"; path = "Target Support Files/Pods-tyte/Pods-tyte.debug.xcconfig"; sourceTree = "<group>"; };
		435E072F140776351B4B6E7A /* Pods-tyteTests.release.xcconfig */ = {isa = PBXFileReference; includeInIndex = 1; lastKnownFileType = text.xcconfig; name = "Pods-tyteTests.release.xcconfig"; path = "Target Support Files/Pods-tyteTests/Pods-tyteTests.release.xcconfig"; sourceTree = "<group>"; };
		48E7EB47C217A237236FF6A8 /* Pods-tyte-widgetExtension.release.xcconfig */ = {isa = PBXFileReference; includeInIndex = 1; lastKnownFileType = text.xcconfig; name = "Pods-tyte-widgetExtension.release.xcconfig"; path = "Target Support Files/Pods-tyte-widgetExtension/Pods-tyte-widgetExtension.release.xcconfig"; sourceTree = "<group>"; };
		4E3CCC4D9EB4B6AB116DD3E0 /* Pods-tyteTests.debug.xcconfig */ = {isa = PBXFileReference; includeInIndex = 1; lastKnownFileType = text.xcconfig; name = "Pods-tyteTests.debug.xcconfig"; path = "Target Support Files/Pods-tyteTests/Pods-tyteTests.debug.xcconfig"; sourceTree = "<group>"; };
		51CCAE5E991E1DAABAB97D3E /* Pods_tyteTests.framework */ = {isa = PBXFileReference; explicitFileType = wrapper.framework; includeInIndex = 0; path = Pods_tyteTests.framework; sourceTree = BUILT_PRODUCTS_DIR; };
		AB10144B2C980F7F00F9A9BC /* Animation+.swift */ = {isa = PBXFileReference; lastKnownFileType = sourcecode.swift; path = "Animation+.swift"; sourceTree = "<group>"; };
		AB155D642CA51F9C00F7DB8B /* CustomAlert.swift */ = {isa = PBXFileReference; lastKnownFileType = sourcecode.swift; path = CustomAlert.swift; sourceTree = "<group>"; };
		AB1BE8DB2C9D480F00E18EF7 /* DetailView.swift */ = {isa = PBXFileReference; lastKnownFileType = sourcecode.swift; path = DetailView.swift; sourceTree = "<group>"; };
		AB21F09A2C9047D200AAADAB /* ColorPickerBottomSheet.swift */ = {isa = PBXFileReference; lastKnownFileType = sourcecode.swift; path = ColorPickerBottomSheet.swift; sourceTree = "<group>"; };
		AB2E88EA2C986C6400906446 /* KeychainManager.swift */ = {isa = PBXFileReference; lastKnownFileType = sourcecode.swift; path = KeychainManager.swift; sourceTree = "<group>"; };
		AB4498822C8992B000B2B74A /* TodoEditBottomSheet.swift */ = {isa = PBXFileReference; lastKnownFileType = sourcecode.swift; path = TodoEditBottomSheet.swift; sourceTree = "<group>"; };
		AB4498842C89930500B2B74A /* String+.swift */ = {isa = PBXFileReference; lastKnownFileType = sourcecode.swift; path = "String+.swift"; sourceTree = "<group>"; };
		AB44988A2C8ACCFE00B2B74A /* LaunchScreen.storyboard */ = {isa = PBXFileReference; lastKnownFileType = file.storyboard; path = LaunchScreen.storyboard; sourceTree = "<group>"; };
		AB5394FD2C85981500A9D1FE /* Info.plist */ = {isa = PBXFileReference; lastKnownFileType = text.plist.xml; path = Info.plist; sourceTree = "<group>"; };
		AB5BB2742C836C0400DC4D72 /* tyte.app */ = {isa = PBXFileReference; explicitFileType = wrapper.application; includeInIndex = 0; path = tyte.app; sourceTree = BUILT_PRODUCTS_DIR; };
		AB5BB2772C836C0400DC4D72 /* tyteApp.swift */ = {isa = PBXFileReference; lastKnownFileType = sourcecode.swift; path = tyteApp.swift; sourceTree = "<group>"; };
		AB5BB27B2C836C0500DC4D72 /* Assets.xcassets */ = {isa = PBXFileReference; lastKnownFileType = folder.assetcatalog; path = Assets.xcassets; sourceTree = "<group>"; };
		AB5BB27E2C836C0500DC4D72 /* Preview Assets.xcassets */ = {isa = PBXFileReference; lastKnownFileType = folder.assetcatalog; path = "Preview Assets.xcassets"; sourceTree = "<group>"; };
		AB5BB2842C836C0600DC4D72 /* tyteTests.xctest */ = {isa = PBXFileReference; explicitFileType = wrapper.cfbundle; includeInIndex = 0; path = tyteTests.xctest; sourceTree = BUILT_PRODUCTS_DIR; };
		AB5BB2882C836C0600DC4D72 /* tyteTests.swift */ = {isa = PBXFileReference; lastKnownFileType = sourcecode.swift; path = tyteTests.swift; sourceTree = "<group>"; };
		AB5BB28E2C836C0600DC4D72 /* tyteUITests.xctest */ = {isa = PBXFileReference; explicitFileType = wrapper.cfbundle; includeInIndex = 0; path = tyteUITests.xctest; sourceTree = BUILT_PRODUCTS_DIR; };
		AB5BB2922C836C0600DC4D72 /* tyteUITests.swift */ = {isa = PBXFileReference; lastKnownFileType = sourcecode.swift; path = tyteUITests.swift; sourceTree = "<group>"; };
		AB5BB2942C836C0600DC4D72 /* tyteUITestsLaunchTests.swift */ = {isa = PBXFileReference; lastKnownFileType = sourcecode.swift; path = tyteUITestsLaunchTests.swift; sourceTree = "<group>"; };
		AB688DC72CA3A71D00F6E699 /* CustomTextField.swift */ = {isa = PBXFileReference; lastKnownFileType = sourcecode.swift; path = CustomTextField.swift; sourceTree = "<group>"; };
		AB688DC92CA3AB7F00F6E699 /* CustomButton.swift */ = {isa = PBXFileReference; lastKnownFileType = sourcecode.swift; path = CustomButton.swift; sourceTree = "<group>"; };
		AB688DCB2CA3BE3300F6E699 /* EmptyStateBox.swift */ = {isa = PBXFileReference; lastKnownFileType = sourcecode.swift; path = EmptyStateBox.swift; sourceTree = "<group>"; };
		AB6A0F722C8ADF6000254299 /* CircularProgressView.swift */ = {isa = PBXFileReference; lastKnownFileType = sourcecode.swift; path = CircularProgressView.swift; sourceTree = "<group>"; };
		AB6A0F742C8AE5A000254299 /* CalendarView.swift */ = {isa = PBXFileReference; lastKnownFileType = sourcecode.swift; path = CalendarView.swift; sourceTree = "<group>"; };
		AB6A0F762C8E45F100254299 /* Color+.swift */ = {isa = PBXFileReference; lastKnownFileType = sourcecode.swift; path = "Color+.swift"; sourceTree = "<group>"; };
		AB6A0F782C8EAF5500254299 /* Tag.swift */ = {isa = PBXFileReference; lastKnownFileType = sourcecode.swift; path = Tag.swift; sourceTree = "<group>"; };
		AB6A0F7F2C8EAFF700254299 /* AuthViewModel.swift */ = {isa = PBXFileReference; lastKnownFileType = sourcecode.swift; path = AuthViewModel.swift; sourceTree = "<group>"; };
		AB6A0F832C8EB02300254299 /* APIManager.swift */ = {isa = PBXFileReference; lastKnownFileType = sourcecode.swift; path = APIManager.swift; sourceTree = "<group>"; };
		AB6A0F852C8EB02E00254299 /* APIError.swift */ = {isa = PBXFileReference; lastKnownFileType = sourcecode.swift; path = APIError.swift; sourceTree = "<group>"; };
		AB6A0F872C8EB03600254299 /* APIEndpoint.swift */ = {isa = PBXFileReference; lastKnownFileType = sourcecode.swift; path = APIEndpoint.swift; sourceTree = "<group>"; };
		AB6A0F8A2C8EB32900254299 /* AuthService.swift */ = {isa = PBXFileReference; lastKnownFileType = sourcecode.swift; path = AuthService.swift; sourceTree = "<group>"; };
		AB6A0F8C2C8EB43600254299 /* TodoService.swift */ = {isa = PBXFileReference; lastKnownFileType = sourcecode.swift; path = TodoService.swift; sourceTree = "<group>"; };
		AB6A0F8E2C8EB68700254299 /* TagService.swift */ = {isa = PBXFileReference; lastKnownFileType = sourcecode.swift; path = TagService.swift; sourceTree = "<group>"; };
		AB6A0F912C8EB6CA00254299 /* LoginRequest.swift */ = {isa = PBXFileReference; lastKnownFileType = sourcecode.swift; path = LoginRequest.swift; sourceTree = "<group>"; };
		AB6A0F932C8EB6D400254299 /* LoginResponse.swift */ = {isa = PBXFileReference; lastKnownFileType = sourcecode.swift; path = LoginResponse.swift; sourceTree = "<group>"; };
		AB6A0F952C8EBBC400254299 /* DailyStatService.swift */ = {isa = PBXFileReference; lastKnownFileType = sourcecode.swift; path = DailyStatService.swift; sourceTree = "<group>"; };
		AB6A0F972C8EC56700254299 /* OnboardingView.swift */ = {isa = PBXFileReference; lastKnownFileType = sourcecode.swift; path = OnboardingView.swift; sourceTree = "<group>"; };
		AB6A0F9B2C8EE85100254299 /* TagEditView.swift */ = {isa = PBXFileReference; lastKnownFileType = sourcecode.swift; path = TagEditView.swift; sourceTree = "<group>"; };
		AB6A495E2C8606AE00B782A1 /* Int+.swift */ = {isa = PBXFileReference; lastKnownFileType = sourcecode.swift; path = "Int+.swift"; sourceTree = "<group>"; };
		AB7846682C95E0A700349246 /* MyPageViewModel.swift */ = {isa = PBXFileReference; lastKnownFileType = sourcecode.swift; path = MyPageViewModel.swift; sourceTree = "<group>"; };
		AB7EA4AF2C901142000D2C4C /* MeshGradientView.swift */ = {isa = PBXFileReference; lastKnownFileType = sourcecode.swift; path = MeshGradientView.swift; sourceTree = "<group>"; };
		AB84C5302C918EA9000164AC /* Utils.swift */ = {isa = PBXFileReference; lastKnownFileType = sourcecode.swift; path = Utils.swift; sourceTree = "<group>"; };
		AB87355A2CA916E60089844D /* PrivacyInfo.xcprivacy */ = {isa = PBXFileReference; lastKnownFileType = text.xml; path = PrivacyInfo.xcprivacy; sourceTree = "<group>"; };
		AB87355D2CAA5F590089844D /* PopupType.swift */ = {isa = PBXFileReference; lastKnownFileType = sourcecode.swift; path = PopupType.swift; sourceTree = "<group>"; };
		AB9037252C9EB7D000F7BB73 /* WorkLifeBalancer.swift */ = {isa = PBXFileReference; lastKnownFileType = sourcecode.swift; path = WorkLifeBalancer.swift; sourceTree = "<group>"; };
		ABA9206C2C889F3000B9F8F1 /* DailyStat.swift */ = {isa = PBXFileReference; lastKnownFileType = sourcecode.swift; path = DailyStat.swift; sourceTree = "<group>"; };
		ABA9206E2C88AAEB00B9F8F1 /* StatusBox.swift */ = {isa = PBXFileReference; lastKnownFileType = sourcecode.swift; path = StatusBox.swift; sourceTree = "<group>"; };
		ABA920762C897FC000B9F8F1 /* Font+.swift */ = {isa = PBXFileReference; lastKnownFileType = sourcecode.swift; path = "Font+.swift"; sourceTree = "<group>"; };
		ABA920782C8988E200B9F8F1 /* Pretendard-Medium.ttf */ = {isa = PBXFileReference; lastKnownFileType = file; path = "Pretendard-Medium.ttf"; sourceTree = "<group>"; };
		ABA920792C8988E200B9F8F1 /* Pretendard-Black.ttf */ = {isa = PBXFileReference; lastKnownFileType = file; path = "Pretendard-Black.ttf"; sourceTree = "<group>"; };
		ABA9207A2C8988E200B9F8F1 /* Pretendard-Bold.ttf */ = {isa = PBXFileReference; lastKnownFileType = file; path = "Pretendard-Bold.ttf"; sourceTree = "<group>"; };
		ABA9207B2C8988E200B9F8F1 /* Pretendard-Regular.ttf */ = {isa = PBXFileReference; lastKnownFileType = file; path = "Pretendard-Regular.ttf"; sourceTree = "<group>"; };
		ABB459A32C912A4400F61E83 /* TimeWheelPicker.swift */ = {isa = PBXFileReference; lastKnownFileType = sourcecode.swift; path = TimeWheelPicker.swift; sourceTree = "<group>"; };
		ABC3A4D22C95A53300F43796 /* MyPageView.swift */ = {isa = PBXFileReference; lastKnownFileType = sourcecode.swift; path = MyPageView.swift; sourceTree = "<group>"; };
		ABC5D0452C9C010000676222 /* CreateTodoView.swift */ = {isa = PBXFileReference; lastKnownFileType = sourcecode.swift; path = CreateTodoView.swift; sourceTree = "<group>"; };
		ABC5D0472C9C020500676222 /* FloatingActionButton.swift */ = {isa = PBXFileReference; lastKnownFileType = sourcecode.swift; path = FloatingActionButton.swift; sourceTree = "<group>"; };
		ABC6CFB22C94267700C7DF1D /* DayView.swift */ = {isa = PBXFileReference; lastKnownFileType = sourcecode.swift; path = DayView.swift; sourceTree = "<group>"; };
		ABC86D312C9F861C0089DC61 /* MultiLayerBottomSheet.swift */ = {isa = PBXFileReference; lastKnownFileType = sourcecode.swift; path = MultiLayerBottomSheet.swift; sourceTree = "<group>"; };
		ABC86D332C9F942B0089DC61 /* TabBarButton.swift */ = {isa = PBXFileReference; lastKnownFileType = sourcecode.swift; path = TabBarButton.swift; sourceTree = "<group>"; };
		ABC96FAA2C9CDF5000F57D05 /* CustomPopup.swift */ = {isa = PBXFileReference; lastKnownFileType = sourcecode.swift; path = CustomPopup.swift; sourceTree = "<group>"; };
		ABC9937A2CABB7B100D8414F /* SettingsView.swift */ = {isa = PBXFileReference; lastKnownFileType = sourcecode.swift; path = SettingsView.swift; sourceTree = "<group>"; };
		ABC9937C2CABC2A400D8414F /* tyte.entitlements */ = {isa = PBXFileReference; lastKnownFileType = text.plist.entitlements; path = tyte.entitlements; sourceTree = "<group>"; };
		ABD666BB2C83735F0005D3C1 /* HomeViewModel.swift */ = {isa = PBXFileReference; lastKnownFileType = sourcecode.swift; path = HomeViewModel.swift; sourceTree = "<group>"; };
		ABD666BF2C8373700005D3C1 /* Todo.swift */ = {isa = PBXFileReference; lastKnownFileType = sourcecode.swift; path = Todo.swift; sourceTree = "<group>"; };
		ABDE8B8D2C86D8AC00F3CB68 /* MainTabView.swift */ = {isa = PBXFileReference; lastKnownFileType = sourcecode.swift; path = MainTabView.swift; sourceTree = "<group>"; };
		ABDE8B932C86F2A900F3CB68 /* HomeView.swift */ = {isa = PBXFileReference; lastKnownFileType = sourcecode.swift; path = HomeView.swift; sourceTree = "<group>"; };
		ABDE8B952C86F70000F3CB68 /* WeeklyCalender.swift */ = {isa = PBXFileReference; lastKnownFileType = sourcecode.swift; path = WeeklyCalender.swift; sourceTree = "<group>"; };
		ABDE8B972C86FEE000F3CB68 /* Date+.swift */ = {isa = PBXFileReference; lastKnownFileType = sourcecode.swift; path = "Date+.swift"; sourceTree = "<group>"; };
		ABEA72322C98065B00D80633 /* ViewSelector.swift */ = {isa = PBXFileReference; lastKnownFileType = sourcecode.swift; path = ViewSelector.swift; sourceTree = "<group>"; };
		ABEF7D202C99842C00A76680 /* TodoItemView.swift */ = {isa = PBXFileReference; lastKnownFileType = sourcecode.swift; path = TodoItemView.swift; sourceTree = "<group>"; };
		ABF02B062C9A39C900947DA4 /* MonthPicker.swift */ = {isa = PBXFileReference; lastKnownFileType = sourcecode.swift; path = MonthPicker.swift; sourceTree = "<group>"; };
		ABF02B0A2C9A5AB900947DA4 /* TagEditBottomSheet.swift */ = {isa = PBXFileReference; lastKnownFileType = sourcecode.swift; path = TagEditBottomSheet.swift; sourceTree = "<group>"; };
		ABF93D292C95835E00C7D2BC /* GraphView.swift */ = {isa = PBXFileReference; lastKnownFileType = sourcecode.swift; path = GraphView.swift; sourceTree = "<group>"; };
		B8002143379635213EF12930 /* Pods-tyte.release.xcconfig */ = {isa = PBXFileReference; includeInIndex = 1; lastKnownFileType = text.xcconfig; name = "Pods-tyte.release.xcconfig"; path = "Target Support Files/Pods-tyte/Pods-tyte.release.xcconfig"; sourceTree = "<group>"; };
		D849E1AE2E0FE624731DF68D /* Pods-tyte-widgetExtension.debug.xcconfig */ = {isa = PBXFileReference; includeInIndex = 1; lastKnownFileType = text.xcconfig; name = "Pods-tyte-widgetExtension.debug.xcconfig"; path = "Target Support Files/Pods-tyte-widgetExtension/Pods-tyte-widgetExtension.debug.xcconfig"; sourceTree = "<group>"; };
		DB38DA8C65F34015A1A4AE0C /* Pods_tyte.framework */ = {isa = PBXFileReference; explicitFileType = wrapper.framework; includeInIndex = 0; path = Pods_tyte.framework; sourceTree = BUILT_PRODUCTS_DIR; };
		E52628982CC356E3004B290C /* TodoDataModel.swift */ = {isa = PBXFileReference; lastKnownFileType = sourcecode.swift; path = TodoDataModel.swift; sourceTree = "<group>"; };
		E52628CE2CC38D40004B290C /* AppState.swift */ = {isa = PBXFileReference; lastKnownFileType = sourcecode.swift; path = AppState.swift; sourceTree = "<group>"; };
		E55D8A7B2CBF7D6000849DF1 /* .gitignore */ = {isa = PBXFileReference; lastKnownFileType = text; path = .gitignore; sourceTree = "<group>"; };
		E5A4A8392CC655D000BD43F4 /* APIConstants.swift */ = {isa = PBXFileReference; lastKnownFileType = sourcecode.swift; path = APIConstants.swift; sourceTree = "<group>"; };
		E5A4A83F2CC65BD300BD43F4 /* Util.swift */ = {isa = PBXFileReference; lastKnownFileType = sourcecode.swift; path = Util.swift; sourceTree = "<group>"; };
		E5A4A8412CC6733400BD43F4 /* TagEditViewModel.swift */ = {isa = PBXFileReference; lastKnownFileType = sourcecode.swift; path = TagEditViewModel.swift; sourceTree = "<group>"; };
		E5D660222CBFB10200A8279B /* widgetExtension.appex */ = {isa = PBXFileReference; explicitFileType = "wrapper.app-extension"; includeInIndex = 0; path = widgetExtension.appex; sourceTree = BUILT_PRODUCTS_DIR; };
		E5D660232CBFB10300A8279B /* WidgetKit.framework */ = {isa = PBXFileReference; lastKnownFileType = wrapper.framework; name = WidgetKit.framework; path = System/Library/Frameworks/WidgetKit.framework; sourceTree = SDKROOT; };
		E5D660252CBFB10300A8279B /* SwiftUI.framework */ = {isa = PBXFileReference; lastKnownFileType = wrapper.framework; name = SwiftUI.framework; path = System/Library/Frameworks/SwiftUI.framework; sourceTree = SDKROOT; };
		E5D6603D2CBFB1FB00A8279B /* AppIntent.swift */ = {isa = PBXFileReference; lastKnownFileType = sourcecode.swift; path = AppIntent.swift; sourceTree = "<group>"; };
		E5D6603E2CBFB1FB00A8279B /* Assets.xcassets */ = {isa = PBXFileReference; lastKnownFileType = folder.assetcatalog; path = Assets.xcassets; sourceTree = "<group>"; };
		E5D6603F2CBFB1FB00A8279B /* Info.plist */ = {isa = PBXFileReference; lastKnownFileType = text.plist.xml; path = Info.plist; sourceTree = "<group>"; };
		E5D660402CBFB1FB00A8279B /* widget.swift */ = {isa = PBXFileReference; lastKnownFileType = sourcecode.swift; path = widget.swift; sourceTree = "<group>"; };
		E5D660412CBFB1FB00A8279B /* widgetBundle.swift */ = {isa = PBXFileReference; lastKnownFileType = sourcecode.swift; path = widgetBundle.swift; sourceTree = "<group>"; };
		E5D660422CBFB1FB00A8279B /* widgetControl.swift */ = {isa = PBXFileReference; lastKnownFileType = sourcecode.swift; path = widgetControl.swift; sourceTree = "<group>"; };
		E5D660432CBFB1FB00A8279B /* widgetLiveActivity.swift */ = {isa = PBXFileReference; lastKnownFileType = sourcecode.swift; path = widgetLiveActivity.swift; sourceTree = "<group>"; };
		EB1610222261F531DA901523 /* Pods-tyte-tyteUITests.release.xcconfig */ = {isa = PBXFileReference; includeInIndex = 1; lastKnownFileType = text.xcconfig; name = "Pods-tyte-tyteUITests.release.xcconfig"; path = "Target Support Files/Pods-tyte-tyteUITests/Pods-tyte-tyteUITests.release.xcconfig"; sourceTree = "<group>"; };
/* End PBXFileReference section */

/* Begin PBXFrameworksBuildPhase section */
		AB5BB2712C836C0400DC4D72 /* Frameworks */ = {
			isa = PBXFrameworksBuildPhase;
			buildActionMask = 2147483647;
			files = (
				997473CDBAA79F44ECC0AB2A /* Pods_tyte.framework in Frameworks */,
			);
			runOnlyForDeploymentPostprocessing = 0;
		};
		AB5BB2812C836C0600DC4D72 /* Frameworks */ = {
			isa = PBXFrameworksBuildPhase;
			buildActionMask = 2147483647;
			files = (
				C16917DAB5D43DEC6C190F67 /* Pods_tyteTests.framework in Frameworks */,
			);
			runOnlyForDeploymentPostprocessing = 0;
		};
		AB5BB28B2C836C0600DC4D72 /* Frameworks */ = {
			isa = PBXFrameworksBuildPhase;
			buildActionMask = 2147483647;
			files = (
				28AA160586CB690437FC981A /* Pods_tyte_tyteUITests.framework in Frameworks */,
			);
			runOnlyForDeploymentPostprocessing = 0;
		};
		E5D6601F2CBFB10200A8279B /* Frameworks */ = {
			isa = PBXFrameworksBuildPhase;
			buildActionMask = 2147483647;
			files = (
				E5D660262CBFB10300A8279B /* SwiftUI.framework in Frameworks */,
				E5D660242CBFB10300A8279B /* WidgetKit.framework in Frameworks */,
				9E17E61CBAC0141746961C94 /* Pods_tyte_widgetExtension.framework in Frameworks */,
			);
			runOnlyForDeploymentPostprocessing = 0;
		};
/* End PBXFrameworksBuildPhase section */

/* Begin PBXGroup section */
		58595DA58C486F0F79F4315A /* Frameworks */ = {
			isa = PBXGroup;
			children = (
				DB38DA8C65F34015A1A4AE0C /* Pods_tyte.framework */,
				06F92F24E21CA0F7B5E8435C /* Pods_tyte_tyteUITests.framework */,
				51CCAE5E991E1DAABAB97D3E /* Pods_tyteTests.framework */,
				E5D660232CBFB10300A8279B /* WidgetKit.framework */,
				E5D660252CBFB10300A8279B /* SwiftUI.framework */,
				25BCFC825957DFAB07ACC653 /* Pods_tyte_widgetExtension.framework */,
			);
			name = Frameworks;
			sourceTree = "<group>";
		};
		AB5BB26B2C836C0400DC4D72 = {
			isa = PBXGroup;
			children = (
				E52628852CC35661004B290C /* Shared */,
				E55D8A7B2CBF7D6000849DF1 /* .gitignore */,
				AB87355A2CA916E60089844D /* PrivacyInfo.xcprivacy */,
				AB5BB2762C836C0400DC4D72 /* tyte */,
				AB5BB2872C836C0600DC4D72 /* tyteTests */,
				AB5BB2912C836C0600DC4D72 /* tyteUITests */,
				E5D660442CBFB1FB00A8279B /* widget */,
				AB5BB2752C836C0400DC4D72 /* Products */,
				F31225ED6139D10585A1FF21 /* Pods */,
				58595DA58C486F0F79F4315A /* Frameworks */,
			);
			sourceTree = "<group>";
		};
		AB5BB2752C836C0400DC4D72 /* Products */ = {
			isa = PBXGroup;
			children = (
				AB5BB2742C836C0400DC4D72 /* tyte.app */,
				AB5BB2842C836C0600DC4D72 /* tyteTests.xctest */,
				AB5BB28E2C836C0600DC4D72 /* tyteUITests.xctest */,
				E5D660222CBFB10200A8279B /* widgetExtension.appex */,
			);
			name = Products;
			sourceTree = "<group>";
		};
		AB5BB2762C836C0400DC4D72 /* tyte */ = {
			isa = PBXGroup;
			children = (
				E52628CE2CC38D40004B290C /* AppState.swift */,
				AB6A0F812C8EB01300254299 /* Networking */,
				E52628D42CC392F8004B290C /* Helpers */,
				E526289C2CC35750004B290C /* Services */,
				ABC9937C2CABC2A400D8414F /* tyte.entitlements */,
				AB6A495D2C86069B00B782A1 /* Extensions */,
				ABD666B42C83732E0005D3C1 /* Views */,
				AB6A0F7C2C8EAF7400254299 /* Components */,
				ABD666B32C8373270005D3C1 /* ViewModels */,
				ABD666B22C83731F0005D3C1 /* Models */,
				AB5BB2772C836C0400DC4D72 /* tyteApp.swift */,
				AB5BB27B2C836C0500DC4D72 /* Assets.xcassets */,
				AB5BB27D2C836C0500DC4D72 /* Preview Content */,
				AB5394FD2C85981500A9D1FE /* Info.plist */,
				AB44988A2C8ACCFE00B2B74A /* LaunchScreen.storyboard */,
			);
			path = tyte;
			sourceTree = "<group>";
		};
		AB5BB27D2C836C0500DC4D72 /* Preview Content */ = {
			isa = PBXGroup;
			children = (
				AB5BB27E2C836C0500DC4D72 /* Preview Assets.xcassets */,
			);
			path = "Preview Content";
			sourceTree = "<group>";
		};
		AB5BB2872C836C0600DC4D72 /* tyteTests */ = {
			isa = PBXGroup;
			children = (
				AB5BB2882C836C0600DC4D72 /* tyteTests.swift */,
			);
			path = tyteTests;
			sourceTree = "<group>";
		};
		AB5BB2912C836C0600DC4D72 /* tyteUITests */ = {
			isa = PBXGroup;
			children = (
				AB5BB2922C836C0600DC4D72 /* tyteUITests.swift */,
				AB5BB2942C836C0600DC4D72 /* tyteUITestsLaunchTests.swift */,
			);
			path = tyteUITests;
			sourceTree = "<group>";
		};
		AB6A0F7C2C8EAF7400254299 /* Components */ = {
			isa = PBXGroup;
			children = (
				AB87355C2CAA5A490089844D /* Custom */,
				ABEF7D202C99842C00A76680 /* TodoItemView.swift */,
				ABC6CFB22C94267700C7DF1D /* DayView.swift */,
				AB7EA4AF2C901142000D2C4C /* MeshGradientView.swift */,
				ABF93D272C95834900C7D2BC /* MY */,
				ABC6CFB12C94265E00C7DF1D /* List */,
				ABE79CD02C9412A400D59871 /* Home */,
				AB21F09A2C9047D200AAADAB /* ColorPickerBottomSheet.swift */,
				ABF02B062C9A39C900947DA4 /* MonthPicker.swift */,
				ABF02B0A2C9A5AB900947DA4 /* TagEditBottomSheet.swift */,
				ABC5D0472C9C020500676222 /* FloatingActionButton.swift */,
				ABC86D332C9F942B0089DC61 /* TabBarButton.swift */,
				AB688DCB2CA3BE3300F6E699 /* EmptyStateBox.swift */,
			);
			path = Components;
			sourceTree = "<group>";
		};
		AB6A0F812C8EB01300254299 /* Networking */ = {
			isa = PBXGroup;
			children = (
				AB6A0F902C8EB6BD00254299 /* DTOs */,
				AB6A0F822C8EB01900254299 /* Base */,
			);
			path = Networking;
			sourceTree = "<group>";
		};
		AB6A0F822C8EB01900254299 /* Base */ = {
			isa = PBXGroup;
			children = (
				AB6A0F832C8EB02300254299 /* APIManager.swift */,
				AB6A0F852C8EB02E00254299 /* APIError.swift */,
				AB6A0F872C8EB03600254299 /* APIEndpoint.swift */,
			);
			path = Base;
			sourceTree = "<group>";
		};
		AB6A0F902C8EB6BD00254299 /* DTOs */ = {
			isa = PBXGroup;
			children = (
				AB6A0F912C8EB6CA00254299 /* LoginRequest.swift */,
				AB6A0F932C8EB6D400254299 /* LoginResponse.swift */,
			);
			path = DTOs;
			sourceTree = "<group>";
		};
		AB6A495D2C86069B00B782A1 /* Extensions */ = {
			isa = PBXGroup;
			children = (
				AB6A0F762C8E45F100254299 /* Color+.swift */,
				AB10144B2C980F7F00F9A9BC /* Animation+.swift */,
				AB4498842C89930500B2B74A /* String+.swift */,
				AB6A495E2C8606AE00B782A1 /* Int+.swift */,
			);
			path = Extensions;
			sourceTree = "<group>";
		};
		AB87355C2CAA5A490089844D /* Custom */ = {
			isa = PBXGroup;
			children = (
				AB155D642CA51F9C00F7DB8B /* CustomAlert.swift */,
				ABC96FAA2C9CDF5000F57D05 /* CustomPopup.swift */,
				AB688DC72CA3A71D00F6E699 /* CustomTextField.swift */,
				AB688DC92CA3AB7F00F6E699 /* CustomButton.swift */,
			);
			path = Custom;
			sourceTree = "<group>";
		};
		ABA920732C897E9A00B9F8F1 /* Font */ = {
			isa = PBXGroup;
			children = (
				ABA920792C8988E200B9F8F1 /* Pretendard-Black.ttf */,
				ABA9207A2C8988E200B9F8F1 /* Pretendard-Bold.ttf */,
				ABA920782C8988E200B9F8F1 /* Pretendard-Medium.ttf */,
				ABA9207B2C8988E200B9F8F1 /* Pretendard-Regular.ttf */,
			);
			path = Font;
			sourceTree = "<group>";
		};
		ABC6CFB12C94265E00C7DF1D /* List */ = {
			isa = PBXGroup;
			children = (
			);
			path = List;
			sourceTree = "<group>";
		};
		ABD666B22C83731F0005D3C1 /* Models */ = {
			isa = PBXGroup;
			children = (
				ABD666BF2C8373700005D3C1 /* Todo.swift */,
				ABA9206C2C889F3000B9F8F1 /* DailyStat.swift */,
				AB6A0F782C8EAF5500254299 /* Tag.swift */,
			);
			path = Models;
			sourceTree = "<group>";
		};
		ABD666B32C8373270005D3C1 /* ViewModels */ = {
			isa = PBXGroup;
			children = (
				E5A4A8412CC6733400BD43F4 /* TagEditViewModel.swift */,
				ABD666BB2C83735F0005D3C1 /* HomeViewModel.swift */,
				AB6A0F7F2C8EAFF700254299 /* AuthViewModel.swift */,
				AB7846682C95E0A700349246 /* MyPageViewModel.swift */,
			);
			path = ViewModels;
			sourceTree = "<group>";
		};
		ABD666B42C83732E0005D3C1 /* Views */ = {
			isa = PBXGroup;
			children = (
				ABDE8B8D2C86D8AC00F3CB68 /* MainTabView.swift */,
				ABDE8B932C86F2A900F3CB68 /* HomeView.swift */,
				ABC3A4D22C95A53300F43796 /* MyPageView.swift */,
				AB6A0F972C8EC56700254299 /* OnboardingView.swift */,
				AB6A0F9B2C8EE85100254299 /* TagEditView.swift */,
				ABC5D0452C9C010000676222 /* CreateTodoView.swift */,
				AB1BE8DB2C9D480F00E18EF7 /* DetailView.swift */,
				ABC9937A2CABB7B100D8414F /* SettingsView.swift */,
			);
			path = Views;
			sourceTree = "<group>";
		};
		ABE79CD02C9412A400D59871 /* Home */ = {
			isa = PBXGroup;
			children = (
				ABDE8B952C86F70000F3CB68 /* WeeklyCalender.swift */,
				ABA9206E2C88AAEB00B9F8F1 /* StatusBox.swift */,
				AB6A0F722C8ADF6000254299 /* CircularProgressView.swift */,
				AB4498822C8992B000B2B74A /* TodoEditBottomSheet.swift */,
				ABB459A32C912A4400F61E83 /* TimeWheelPicker.swift */,
			);
			path = Home;
			sourceTree = "<group>";
		};
		ABF93D272C95834900C7D2BC /* MY */ = {
			isa = PBXGroup;
			children = (
				ABF93D292C95835E00C7D2BC /* GraphView.swift */,
				AB6A0F742C8AE5A000254299 /* CalendarView.swift */,
				ABEA72322C98065B00D80633 /* ViewSelector.swift */,
				AB9037252C9EB7D000F7BB73 /* WorkLifeBalancer.swift */,
				ABC86D312C9F861C0089DC61 /* MultiLayerBottomSheet.swift */,
			);
			path = MY;
			sourceTree = "<group>";
		};
		E52628852CC35661004B290C /* Shared */ = {
			isa = PBXGroup;
			children = (
				E5A4A8392CC655D000BD43F4 /* APIConstants.swift */,
				AB2E88EA2C986C6400906446 /* KeychainManager.swift */,
				ABA920732C897E9A00B9F8F1 /* Font */,
				E52628D12CC38E33004B290C /* Extensions */,
			);
			path = Shared;
			sourceTree = "<group>";
		};
		E526289C2CC35750004B290C /* Services */ = {
			isa = PBXGroup;
			children = (
				AB6A0F8A2C8EB32900254299 /* AuthService.swift */,
				AB6A0F8C2C8EB43600254299 /* TodoService.swift */,
				AB6A0F8E2C8EB68700254299 /* TagService.swift */,
				AB6A0F952C8EBBC400254299 /* DailyStatService.swift */,
			);
			path = Services;
			sourceTree = "<group>";
		};
		E52628D12CC38E33004B290C /* Extensions */ = {
			isa = PBXGroup;
			children = (
				ABDE8B972C86FEE000F3CB68 /* Date+.swift */,
				ABA920762C897FC000B9F8F1 /* Font+.swift */,
			);
			path = Extensions;
			sourceTree = "<group>";
		};
		E52628D42CC392F8004B290C /* Helpers */ = {
			isa = PBXGroup;
			children = (
				AB87355D2CAA5F590089844D /* PopupType.swift */,
				AB84C5302C918EA9000164AC /* Utils.swift */,
			);
			path = Helpers;
			sourceTree = "<group>";
		};
		E5D660442CBFB1FB00A8279B /* widget */ = {
			isa = PBXGroup;
			children = (
				E5A4A83F2CC65BD300BD43F4 /* Util.swift */,
				E52628982CC356E3004B290C /* TodoDataModel.swift */,
				E5D6603D2CBFB1FB00A8279B /* AppIntent.swift */,
				E5D6603E2CBFB1FB00A8279B /* Assets.xcassets */,
				E5D6603F2CBFB1FB00A8279B /* Info.plist */,
				E5D660402CBFB1FB00A8279B /* widget.swift */,
				E5D660412CBFB1FB00A8279B /* widgetBundle.swift */,
				E5D660422CBFB1FB00A8279B /* widgetControl.swift */,
				E5D660432CBFB1FB00A8279B /* widgetLiveActivity.swift */,
			);
			path = widget;
			sourceTree = "<group>";
		};
		F31225ED6139D10585A1FF21 /* Pods */ = {
			isa = PBXGroup;
			children = (
				330F032AADB57A56731B0F7A /* Pods-tyte.debug.xcconfig */,
				B8002143379635213EF12930 /* Pods-tyte.release.xcconfig */,
				01A1E39CC23F81D64A537AFE /* Pods-tyte-tyteUITests.debug.xcconfig */,
				EB1610222261F531DA901523 /* Pods-tyte-tyteUITests.release.xcconfig */,
				4E3CCC4D9EB4B6AB116DD3E0 /* Pods-tyteTests.debug.xcconfig */,
				435E072F140776351B4B6E7A /* Pods-tyteTests.release.xcconfig */,
				D849E1AE2E0FE624731DF68D /* Pods-tyte-widgetExtension.debug.xcconfig */,
				48E7EB47C217A237236FF6A8 /* Pods-tyte-widgetExtension.release.xcconfig */,
			);
			path = Pods;
			sourceTree = "<group>";
		};
/* End PBXGroup section */

/* Begin PBXNativeTarget section */
		AB5BB2732C836C0400DC4D72 /* tyte */ = {
			isa = PBXNativeTarget;
			buildConfigurationList = AB5BB2982C836C0600DC4D72 /* Build configuration list for PBXNativeTarget "tyte" */;
			buildPhases = (
				388C035316B68ACB7116F318 /* [CP] Check Pods Manifest.lock */,
				AB5BB2702C836C0400DC4D72 /* Sources */,
				AB5BB2712C836C0400DC4D72 /* Frameworks */,
				AB5BB2722C836C0400DC4D72 /* Resources */,
				8AD7FF0506FA52C8C984962E /* [CP] Embed Pods Frameworks */,
				E5D6603C2CBFB10400A8279B /* Embed Foundation Extensions */,
			);
			buildRules = (
			);
			dependencies = (
				E5D660362CBFB10400A8279B /* PBXTargetDependency */,
			);
			name = tyte;
			productName = tyte;
			productReference = AB5BB2742C836C0400DC4D72 /* tyte.app */;
			productType = "com.apple.product-type.application";
		};
		AB5BB2832C836C0600DC4D72 /* tyteTests */ = {
			isa = PBXNativeTarget;
			buildConfigurationList = AB5BB29B2C836C0600DC4D72 /* Build configuration list for PBXNativeTarget "tyteTests" */;
			buildPhases = (
				14ECBA80144931856E8312B7 /* [CP] Check Pods Manifest.lock */,
				AB5BB2802C836C0600DC4D72 /* Sources */,
				AB5BB2812C836C0600DC4D72 /* Frameworks */,
				AB5BB2822C836C0600DC4D72 /* Resources */,
			);
			buildRules = (
			);
			dependencies = (
				AB5BB2862C836C0600DC4D72 /* PBXTargetDependency */,
			);
			name = tyteTests;
			productName = tyteTests;
			productReference = AB5BB2842C836C0600DC4D72 /* tyteTests.xctest */;
			productType = "com.apple.product-type.bundle.unit-test";
		};
		AB5BB28D2C836C0600DC4D72 /* tyteUITests */ = {
			isa = PBXNativeTarget;
			buildConfigurationList = AB5BB29E2C836C0600DC4D72 /* Build configuration list for PBXNativeTarget "tyteUITests" */;
			buildPhases = (
				E91B375946D51BF527D8D933 /* [CP] Check Pods Manifest.lock */,
				AB5BB28A2C836C0600DC4D72 /* Sources */,
				AB5BB28B2C836C0600DC4D72 /* Frameworks */,
				AB5BB28C2C836C0600DC4D72 /* Resources */,
				D25D42FDEDFB38E2624CDE8B /* [CP] Embed Pods Frameworks */,
			);
			buildRules = (
			);
			dependencies = (
				AB5BB2902C836C0600DC4D72 /* PBXTargetDependency */,
			);
			name = tyteUITests;
			productName = tyteUITests;
			productReference = AB5BB28E2C836C0600DC4D72 /* tyteUITests.xctest */;
			productType = "com.apple.product-type.bundle.ui-testing";
		};
		E5D660212CBFB10200A8279B /* widgetExtension */ = {
			isa = PBXNativeTarget;
			buildConfigurationList = E5D660392CBFB10400A8279B /* Build configuration list for PBXNativeTarget "widgetExtension" */;
			buildPhases = (
				261D0A22A3E83845E47D9A1C /* [CP] Check Pods Manifest.lock */,
				E5D6601E2CBFB10200A8279B /* Sources */,
				E5D6601F2CBFB10200A8279B /* Frameworks */,
				E5D660202CBFB10200A8279B /* Resources */,
			);
			buildRules = (
			);
			dependencies = (
			);
			name = widgetExtension;
			productName = widgetExtension;
			productReference = E5D660222CBFB10200A8279B /* widgetExtension.appex */;
			productType = "com.apple.product-type.app-extension";
		};
/* End PBXNativeTarget section */

/* Begin PBXProject section */
		AB5BB26C2C836C0400DC4D72 /* Project object */ = {
			isa = PBXProject;
			attributes = {
				BuildIndependentTargetsInParallel = 1;
				LastSwiftUpdateCheck = 1600;
				LastUpgradeCheck = 1540;
				TargetAttributes = {
					AB5BB2732C836C0400DC4D72 = {
						CreatedOnToolsVersion = 15.4;
					};
					AB5BB2832C836C0600DC4D72 = {
						CreatedOnToolsVersion = 15.4;
						TestTargetID = AB5BB2732C836C0400DC4D72;
					};
					AB5BB28D2C836C0600DC4D72 = {
						CreatedOnToolsVersion = 15.4;
						TestTargetID = AB5BB2732C836C0400DC4D72;
					};
					E5D660212CBFB10200A8279B = {
						CreatedOnToolsVersion = 16.0;
					};
				};
			};
			buildConfigurationList = AB5BB26F2C836C0400DC4D72 /* Build configuration list for PBXProject "tyte" */;
			compatibilityVersion = "Xcode 14.0";
			developmentRegion = ko;
			hasScannedForEncodings = 0;
			knownRegions = (
				en,
				Base,
				ko,
			);
			mainGroup = AB5BB26B2C836C0400DC4D72;
			productRefGroup = AB5BB2752C836C0400DC4D72 /* Products */;
			projectDirPath = "";
			projectRoot = "";
			targets = (
				AB5BB2732C836C0400DC4D72 /* tyte */,
				AB5BB2832C836C0600DC4D72 /* tyteTests */,
				AB5BB28D2C836C0600DC4D72 /* tyteUITests */,
				E5D660212CBFB10200A8279B /* widgetExtension */,
			);
		};
/* End PBXProject section */

/* Begin PBXResourcesBuildPhase section */
		AB5BB2722C836C0400DC4D72 /* Resources */ = {
			isa = PBXResourcesBuildPhase;
			buildActionMask = 2147483647;
			files = (
				E55D8A7C2CBF7D6000849DF1 /* .gitignore in Resources */,
				ABA9207C2C8988E200B9F8F1 /* Pretendard-Medium.ttf in Resources */,
				ABA9207F2C8988E200B9F8F1 /* Pretendard-Regular.ttf in Resources */,
				AB44988B2C8ACCFE00B2B74A /* LaunchScreen.storyboard in Resources */,
				AB87355B2CA916E60089844D /* PrivacyInfo.xcprivacy in Resources */,
				AB5BB27F2C836C0500DC4D72 /* Preview Assets.xcassets in Resources */,
				AB5BB27C2C836C0500DC4D72 /* Assets.xcassets in Resources */,
				ABA9207E2C8988E200B9F8F1 /* Pretendard-Bold.ttf in Resources */,
				ABA9207D2C8988E200B9F8F1 /* Pretendard-Black.ttf in Resources */,
			);
			runOnlyForDeploymentPostprocessing = 0;
		};
		AB5BB2822C836C0600DC4D72 /* Resources */ = {
			isa = PBXResourcesBuildPhase;
			buildActionMask = 2147483647;
			files = (
			);
			runOnlyForDeploymentPostprocessing = 0;
		};
		AB5BB28C2C836C0600DC4D72 /* Resources */ = {
			isa = PBXResourcesBuildPhase;
			buildActionMask = 2147483647;
			files = (
			);
			runOnlyForDeploymentPostprocessing = 0;
		};
		E5D660202CBFB10200A8279B /* Resources */ = {
			isa = PBXResourcesBuildPhase;
			buildActionMask = 2147483647;
			files = (
				E5D6604A2CBFB1FB00A8279B /* Assets.xcassets in Resources */,
				E52628DB2CC3AE56004B290C /* Pretendard-Black.ttf in Resources */,
				E52628DC2CC3AE56004B290C /* Pretendard-Medium.ttf in Resources */,
				E52628DD2CC3AE56004B290C /* Pretendard-Bold.ttf in Resources */,
				E52628DE2CC3AE56004B290C /* Pretendard-Regular.ttf in Resources */,
			);
			runOnlyForDeploymentPostprocessing = 0;
		};
/* End PBXResourcesBuildPhase section */

/* Begin PBXShellScriptBuildPhase section */
		14ECBA80144931856E8312B7 /* [CP] Check Pods Manifest.lock */ = {
			isa = PBXShellScriptBuildPhase;
			buildActionMask = 2147483647;
			files = (
			);
			inputFileListPaths = (
			);
			inputPaths = (
				"${PODS_PODFILE_DIR_PATH}/Podfile.lock",
				"${PODS_ROOT}/Manifest.lock",
			);
			name = "[CP] Check Pods Manifest.lock";
			outputFileListPaths = (
			);
			outputPaths = (
				"$(DERIVED_FILE_DIR)/Pods-tyteTests-checkManifestLockResult.txt",
			);
			runOnlyForDeploymentPostprocessing = 0;
			shellPath = /bin/sh;
			shellScript = "diff \"${PODS_PODFILE_DIR_PATH}/Podfile.lock\" \"${PODS_ROOT}/Manifest.lock\" > /dev/null\nif [ $? != 0 ] ; then\n    # print error to STDERR\n    echo \"error: The sandbox is not in sync with the Podfile.lock. Run 'pod install' or update your CocoaPods installation.\" >&2\n    exit 1\nfi\n# This output is used by Xcode 'outputs' to avoid re-running this script phase.\necho \"SUCCESS\" > \"${SCRIPT_OUTPUT_FILE_0}\"\n";
			showEnvVarsInLog = 0;
		};
		261D0A22A3E83845E47D9A1C /* [CP] Check Pods Manifest.lock */ = {
			isa = PBXShellScriptBuildPhase;
			buildActionMask = 2147483647;
			files = (
			);
			inputFileListPaths = (
			);
			inputPaths = (
				"${PODS_PODFILE_DIR_PATH}/Podfile.lock",
				"${PODS_ROOT}/Manifest.lock",
			);
			name = "[CP] Check Pods Manifest.lock";
			outputFileListPaths = (
			);
			outputPaths = (
				"$(DERIVED_FILE_DIR)/Pods-tyte-widgetExtension-checkManifestLockResult.txt",
			);
			runOnlyForDeploymentPostprocessing = 0;
			shellPath = /bin/sh;
			shellScript = "diff \"${PODS_PODFILE_DIR_PATH}/Podfile.lock\" \"${PODS_ROOT}/Manifest.lock\" > /dev/null\nif [ $? != 0 ] ; then\n    # print error to STDERR\n    echo \"error: The sandbox is not in sync with the Podfile.lock. Run 'pod install' or update your CocoaPods installation.\" >&2\n    exit 1\nfi\n# This output is used by Xcode 'outputs' to avoid re-running this script phase.\necho \"SUCCESS\" > \"${SCRIPT_OUTPUT_FILE_0}\"\n";
			showEnvVarsInLog = 0;
		};
		388C035316B68ACB7116F318 /* [CP] Check Pods Manifest.lock */ = {
			isa = PBXShellScriptBuildPhase;
			buildActionMask = 2147483647;
			files = (
			);
			inputFileListPaths = (
			);
			inputPaths = (
				"${PODS_PODFILE_DIR_PATH}/Podfile.lock",
				"${PODS_ROOT}/Manifest.lock",
			);
			name = "[CP] Check Pods Manifest.lock";
			outputFileListPaths = (
			);
			outputPaths = (
				"$(DERIVED_FILE_DIR)/Pods-tyte-checkManifestLockResult.txt",
			);
			runOnlyForDeploymentPostprocessing = 0;
			shellPath = /bin/sh;
			shellScript = "diff \"${PODS_PODFILE_DIR_PATH}/Podfile.lock\" \"${PODS_ROOT}/Manifest.lock\" > /dev/null\nif [ $? != 0 ] ; then\n    # print error to STDERR\n    echo \"error: The sandbox is not in sync with the Podfile.lock. Run 'pod install' or update your CocoaPods installation.\" >&2\n    exit 1\nfi\n# This output is used by Xcode 'outputs' to avoid re-running this script phase.\necho \"SUCCESS\" > \"${SCRIPT_OUTPUT_FILE_0}\"\n";
			showEnvVarsInLog = 0;
		};
		8AD7FF0506FA52C8C984962E /* [CP] Embed Pods Frameworks */ = {
			isa = PBXShellScriptBuildPhase;
			buildActionMask = 2147483647;
			files = (
			);
			inputFileListPaths = (
				"${PODS_ROOT}/Target Support Files/Pods-tyte/Pods-tyte-frameworks-${CONFIGURATION}-input-files.xcfilelist",
			);
			name = "[CP] Embed Pods Frameworks";
			outputFileListPaths = (
				"${PODS_ROOT}/Target Support Files/Pods-tyte/Pods-tyte-frameworks-${CONFIGURATION}-output-files.xcfilelist",
			);
			runOnlyForDeploymentPostprocessing = 0;
			shellPath = /bin/sh;
			shellScript = "\"${PODS_ROOT}/Target Support Files/Pods-tyte/Pods-tyte-frameworks.sh\"\n";
			showEnvVarsInLog = 0;
		};
		D25D42FDEDFB38E2624CDE8B /* [CP] Embed Pods Frameworks */ = {
			isa = PBXShellScriptBuildPhase;
			buildActionMask = 2147483647;
			files = (
			);
			inputFileListPaths = (
				"${PODS_ROOT}/Target Support Files/Pods-tyte-tyteUITests/Pods-tyte-tyteUITests-frameworks-${CONFIGURATION}-input-files.xcfilelist",
			);
			name = "[CP] Embed Pods Frameworks";
			outputFileListPaths = (
				"${PODS_ROOT}/Target Support Files/Pods-tyte-tyteUITests/Pods-tyte-tyteUITests-frameworks-${CONFIGURATION}-output-files.xcfilelist",
			);
			runOnlyForDeploymentPostprocessing = 0;
			shellPath = /bin/sh;
			shellScript = "\"${PODS_ROOT}/Target Support Files/Pods-tyte-tyteUITests/Pods-tyte-tyteUITests-frameworks.sh\"\n";
			showEnvVarsInLog = 0;
		};
		E91B375946D51BF527D8D933 /* [CP] Check Pods Manifest.lock */ = {
			isa = PBXShellScriptBuildPhase;
			buildActionMask = 2147483647;
			files = (
			);
			inputFileListPaths = (
			);
			inputPaths = (
				"${PODS_PODFILE_DIR_PATH}/Podfile.lock",
				"${PODS_ROOT}/Manifest.lock",
			);
			name = "[CP] Check Pods Manifest.lock";
			outputFileListPaths = (
			);
			outputPaths = (
				"$(DERIVED_FILE_DIR)/Pods-tyte-tyteUITests-checkManifestLockResult.txt",
			);
			runOnlyForDeploymentPostprocessing = 0;
			shellPath = /bin/sh;
			shellScript = "diff \"${PODS_PODFILE_DIR_PATH}/Podfile.lock\" \"${PODS_ROOT}/Manifest.lock\" > /dev/null\nif [ $? != 0 ] ; then\n    # print error to STDERR\n    echo \"error: The sandbox is not in sync with the Podfile.lock. Run 'pod install' or update your CocoaPods installation.\" >&2\n    exit 1\nfi\n# This output is used by Xcode 'outputs' to avoid re-running this script phase.\necho \"SUCCESS\" > \"${SCRIPT_OUTPUT_FILE_0}\"\n";
			showEnvVarsInLog = 0;
		};
/* End PBXShellScriptBuildPhase section */

/* Begin PBXSourcesBuildPhase section */
		AB5BB2702C836C0400DC4D72 /* Sources */ = {
			isa = PBXSourcesBuildPhase;
			buildActionMask = 2147483647;
			files = (
				ABB459A42C912A4400F61E83 /* TimeWheelPicker.swift in Sources */,
				AB6A0F842C8EB02300254299 /* APIManager.swift in Sources */,
				AB7846692C95E0A700349246 /* MyPageViewModel.swift in Sources */,
				E52628922CC35684004B290C /* LoginRequest.swift in Sources */,
				E52628932CC35684004B290C /* LoginResponse.swift in Sources */,
				ABC96FAB2C9CDF5000F57D05 /* CustomPopup.swift in Sources */,
				ABF93D2A2C95835E00C7D2BC /* GraphView.swift in Sources */,
				ABDE8B8E2C86D8AC00F3CB68 /* MainTabView.swift in Sources */,
				AB2E88EB2C986C6400906446 /* KeychainManager.swift in Sources */,
				AB84C5312C918EA9000164AC /* Utils.swift in Sources */,
				E52628CF2CC38D42004B290C /* AppState.swift in Sources */,
				ABDE8B982C86FEE000F3CB68 /* Date+.swift in Sources */,
				ABC6CFB32C94267700C7DF1D /* DayView.swift in Sources */,
				AB6A0F882C8EB03600254299 /* APIEndpoint.swift in Sources */,
				AB6A0F792C8EAF5500254299 /* Tag.swift in Sources */,
				AB688DCC2CA3BE3300F6E699 /* EmptyStateBox.swift in Sources */,
				AB5BB2782C836C0400DC4D72 /* tyteApp.swift in Sources */,
				AB1BE8DC2C9D480F00E18EF7 /* DetailView.swift in Sources */,
				ABD666C02C8373700005D3C1 /* Todo.swift in Sources */,
				ABDE8B962C86F70000F3CB68 /* WeeklyCalender.swift in Sources */,
				AB6A0F8D2C8EB43600254299 /* TodoService.swift in Sources */,
				ABC9937B2CABB7B100D8414F /* SettingsView.swift in Sources */,
				ABF02B072C9A39C900947DA4 /* MonthPicker.swift in Sources */,
				ABC86D322C9F861C0089DC61 /* MultiLayerBottomSheet.swift in Sources */,
				AB6A0F9C2C8EE85100254299 /* TagEditView.swift in Sources */,
				ABC5D0462C9C010000676222 /* CreateTodoView.swift in Sources */,
				AB4498832C8992B000B2B74A /* TodoEditBottomSheet.swift in Sources */,
				AB155D652CA51F9C00F7DB8B /* CustomAlert.swift in Sources */,
				AB7EA4B02C901142000D2C4C /* MeshGradientView.swift in Sources */,
				E5A4A8422CC6733500BD43F4 /* TagEditViewModel.swift in Sources */,
				ABD666BC2C83735F0005D3C1 /* HomeViewModel.swift in Sources */,
				ABA920772C897FC000B9F8F1 /* Font+.swift in Sources */,
				AB6A0F732C8ADF6000254299 /* CircularProgressView.swift in Sources */,
				AB10144C2C980F7F00F9A9BC /* Animation+.swift in Sources */,
				AB21F09B2C9047D200AAADAB /* ColorPickerBottomSheet.swift in Sources */,
				AB6A0F962C8EBBC400254299 /* DailyStatService.swift in Sources */,
				AB6A0F802C8EAFF700254299 /* AuthViewModel.swift in Sources */,
				AB4498852C89930500B2B74A /* String+.swift in Sources */,
				AB6A0F8F2C8EB68700254299 /* TagService.swift in Sources */,
				ABC3A4D32C95A53300F43796 /* MyPageView.swift in Sources */,
				ABEA72332C98065B00D80633 /* ViewSelector.swift in Sources */,
				AB6A0F752C8AE5A000254299 /* CalendarView.swift in Sources */,
				AB6A0F772C8E45F100254299 /* Color+.swift in Sources */,
				AB9037262C9EB7D000F7BB73 /* WorkLifeBalancer.swift in Sources */,
				AB688DC82CA3A71D00F6E699 /* CustomTextField.swift in Sources */,
				ABDE8B942C86F2A900F3CB68 /* HomeView.swift in Sources */,
				ABC5D0482C9C020500676222 /* FloatingActionButton.swift in Sources */,
				ABA9206D2C889F3000B9F8F1 /* DailyStat.swift in Sources */,
				E5A4A83A2CC655DC00BD43F4 /* APIConstants.swift in Sources */,
				AB688DCA2CA3AB7F00F6E699 /* CustomButton.swift in Sources */,
				AB6A0F8B2C8EB32900254299 /* AuthService.swift in Sources */,
				ABA9206F2C88AAEB00B9F8F1 /* StatusBox.swift in Sources */,
				ABEF7D212C99842C00A76680 /* TodoItemView.swift in Sources */,
				ABC86D342C9F942B0089DC61 /* TabBarButton.swift in Sources */,
				ABF02B0B2C9A5AB900947DA4 /* TagEditBottomSheet.swift in Sources */,
				AB6A0F982C8EC56700254299 /* OnboardingView.swift in Sources */,
				AB87355E2CAA5F590089844D /* PopupType.swift in Sources */,
				AB6A0F862C8EB02E00254299 /* APIError.swift in Sources */,
				AB6A495F2C8606AF00B782A1 /* Int+.swift in Sources */,
			);
			runOnlyForDeploymentPostprocessing = 0;
		};
		AB5BB2802C836C0600DC4D72 /* Sources */ = {
			isa = PBXSourcesBuildPhase;
			buildActionMask = 2147483647;
			files = (
				AB5BB2892C836C0600DC4D72 /* tyteTests.swift in Sources */,
			);
			runOnlyForDeploymentPostprocessing = 0;
		};
		AB5BB28A2C836C0600DC4D72 /* Sources */ = {
			isa = PBXSourcesBuildPhase;
			buildActionMask = 2147483647;
			files = (
				AB5BB2952C836C0600DC4D72 /* tyteUITestsLaunchTests.swift in Sources */,
				AB5BB2932C836C0600DC4D72 /* tyteUITests.swift in Sources */,
			);
			runOnlyForDeploymentPostprocessing = 0;
		};
		E5D6601E2CBFB10200A8279B /* Sources */ = {
			isa = PBXSourcesBuildPhase;
			buildActionMask = 2147483647;
			files = (
				E52628D32CC392C7004B290C /* Tag.swift in Sources */,
				E52628962CC3569B004B290C /* KeychainManager.swift in Sources */,
				E5A4A83B2CC655DC00BD43F4 /* APIConstants.swift in Sources */,
				E5D660452CBFB1FB00A8279B /* AppIntent.swift in Sources */,
				E5D660462CBFB1FB00A8279B /* widget.swift in Sources */,
				E5D660472CBFB1FB00A8279B /* widgetBundle.swift in Sources */,
				E5A4A8402CC65BD500BD43F4 /* Util.swift in Sources */,
				E5D660482CBFB1FB00A8279B /* widgetControl.swift in Sources */,
				E5D660492CBFB1FB00A8279B /* widgetLiveActivity.swift in Sources */,
				E52628DA2CC3AB45004B290C /* Date+.swift in Sources */,
				E52628D92CC3A97F004B290C /* Font+.swift in Sources */,
				E52628832CC3563B004B290C /* Todo.swift in Sources */,
				E52628992CC356E3004B290C /* TodoDataModel.swift in Sources */,
			);
			runOnlyForDeploymentPostprocessing = 0;
		};
/* End PBXSourcesBuildPhase section */

/* Begin PBXTargetDependency section */
		AB5BB2862C836C0600DC4D72 /* PBXTargetDependency */ = {
			isa = PBXTargetDependency;
			target = AB5BB2732C836C0400DC4D72 /* tyte */;
			targetProxy = AB5BB2852C836C0600DC4D72 /* PBXContainerItemProxy */;
		};
		AB5BB2902C836C0600DC4D72 /* PBXTargetDependency */ = {
			isa = PBXTargetDependency;
			target = AB5BB2732C836C0400DC4D72 /* tyte */;
			targetProxy = AB5BB28F2C836C0600DC4D72 /* PBXContainerItemProxy */;
		};
		E5D660362CBFB10400A8279B /* PBXTargetDependency */ = {
			isa = PBXTargetDependency;
			target = E5D660212CBFB10200A8279B /* widgetExtension */;
			targetProxy = E5D660352CBFB10400A8279B /* PBXContainerItemProxy */;
		};
/* End PBXTargetDependency section */

/* Begin XCBuildConfiguration section */
		AB5BB2962C836C0600DC4D72 /* Debug */ = {
			isa = XCBuildConfiguration;
			buildSettings = {
				ALWAYS_SEARCH_USER_PATHS = NO;
				ASSETCATALOG_COMPILER_GENERATE_SWIFT_ASSET_SYMBOL_EXTENSIONS = YES;
				CLANG_ANALYZER_NONNULL = YES;
				CLANG_ANALYZER_NUMBER_OBJECT_CONVERSION = YES_AGGRESSIVE;
				CLANG_CXX_LANGUAGE_STANDARD = "gnu++20";
				CLANG_ENABLE_MODULES = YES;
				CLANG_ENABLE_OBJC_ARC = YES;
				CLANG_ENABLE_OBJC_WEAK = YES;
				CLANG_WARN_BLOCK_CAPTURE_AUTORELEASING = YES;
				CLANG_WARN_BOOL_CONVERSION = YES;
				CLANG_WARN_COMMA = YES;
				CLANG_WARN_CONSTANT_CONVERSION = YES;
				CLANG_WARN_DEPRECATED_OBJC_IMPLEMENTATIONS = YES;
				CLANG_WARN_DIRECT_OBJC_ISA_USAGE = YES_ERROR;
				CLANG_WARN_DOCUMENTATION_COMMENTS = YES;
				CLANG_WARN_EMPTY_BODY = YES;
				CLANG_WARN_ENUM_CONVERSION = YES;
				CLANG_WARN_INFINITE_RECURSION = YES;
				CLANG_WARN_INT_CONVERSION = YES;
				CLANG_WARN_NON_LITERAL_NULL_CONVERSION = YES;
				CLANG_WARN_OBJC_IMPLICIT_RETAIN_SELF = YES;
				CLANG_WARN_OBJC_LITERAL_CONVERSION = YES;
				CLANG_WARN_OBJC_ROOT_CLASS = YES_ERROR;
				CLANG_WARN_QUOTED_INCLUDE_IN_FRAMEWORK_HEADER = YES;
				CLANG_WARN_RANGE_LOOP_ANALYSIS = YES;
				CLANG_WARN_STRICT_PROTOTYPES = YES;
				CLANG_WARN_SUSPICIOUS_MOVE = YES;
				CLANG_WARN_UNGUARDED_AVAILABILITY = YES_AGGRESSIVE;
				CLANG_WARN_UNREACHABLE_CODE = YES;
				CLANG_WARN__DUPLICATE_METHOD_MATCH = YES;
				COPY_PHASE_STRIP = NO;
				DEBUG_INFORMATION_FORMAT = dwarf;
				ENABLE_STRICT_OBJC_MSGSEND = YES;
				ENABLE_TESTABILITY = YES;
				ENABLE_USER_SCRIPT_SANDBOXING = YES;
				GCC_C_LANGUAGE_STANDARD = gnu17;
				GCC_DYNAMIC_NO_PIC = NO;
				GCC_NO_COMMON_BLOCKS = YES;
				GCC_OPTIMIZATION_LEVEL = 0;
				GCC_PREPROCESSOR_DEFINITIONS = (
					"DEBUG=1",
					"$(inherited)",
				);
				GCC_WARN_64_TO_32_BIT_CONVERSION = YES;
				GCC_WARN_ABOUT_RETURN_TYPE = YES_ERROR;
				GCC_WARN_UNDECLARED_SELECTOR = YES;
				GCC_WARN_UNINITIALIZED_AUTOS = YES_AGGRESSIVE;
				GCC_WARN_UNUSED_FUNCTION = YES;
				GCC_WARN_UNUSED_VARIABLE = YES;
				IPHONEOS_DEPLOYMENT_TARGET = 17.5;
				LOCALIZATION_PREFERS_STRING_CATALOGS = YES;
				MTL_ENABLE_DEBUG_INFO = INCLUDE_SOURCE;
				MTL_FAST_MATH = YES;
				ONLY_ACTIVE_ARCH = YES;
				SDKROOT = iphoneos;
				SWIFT_ACTIVE_COMPILATION_CONDITIONS = "DEBUG $(inherited)";
				SWIFT_OPTIMIZATION_LEVEL = "-Onone";
			};
			name = Debug;
		};
		AB5BB2972C836C0600DC4D72 /* Release */ = {
			isa = XCBuildConfiguration;
			buildSettings = {
				ALWAYS_SEARCH_USER_PATHS = NO;
				ASSETCATALOG_COMPILER_GENERATE_SWIFT_ASSET_SYMBOL_EXTENSIONS = YES;
				CLANG_ANALYZER_NONNULL = YES;
				CLANG_ANALYZER_NUMBER_OBJECT_CONVERSION = YES_AGGRESSIVE;
				CLANG_CXX_LANGUAGE_STANDARD = "gnu++20";
				CLANG_ENABLE_MODULES = YES;
				CLANG_ENABLE_OBJC_ARC = YES;
				CLANG_ENABLE_OBJC_WEAK = YES;
				CLANG_WARN_BLOCK_CAPTURE_AUTORELEASING = YES;
				CLANG_WARN_BOOL_CONVERSION = YES;
				CLANG_WARN_COMMA = YES;
				CLANG_WARN_CONSTANT_CONVERSION = YES;
				CLANG_WARN_DEPRECATED_OBJC_IMPLEMENTATIONS = YES;
				CLANG_WARN_DIRECT_OBJC_ISA_USAGE = YES_ERROR;
				CLANG_WARN_DOCUMENTATION_COMMENTS = YES;
				CLANG_WARN_EMPTY_BODY = YES;
				CLANG_WARN_ENUM_CONVERSION = YES;
				CLANG_WARN_INFINITE_RECURSION = YES;
				CLANG_WARN_INT_CONVERSION = YES;
				CLANG_WARN_NON_LITERAL_NULL_CONVERSION = YES;
				CLANG_WARN_OBJC_IMPLICIT_RETAIN_SELF = YES;
				CLANG_WARN_OBJC_LITERAL_CONVERSION = YES;
				CLANG_WARN_OBJC_ROOT_CLASS = YES_ERROR;
				CLANG_WARN_QUOTED_INCLUDE_IN_FRAMEWORK_HEADER = YES;
				CLANG_WARN_RANGE_LOOP_ANALYSIS = YES;
				CLANG_WARN_STRICT_PROTOTYPES = YES;
				CLANG_WARN_SUSPICIOUS_MOVE = YES;
				CLANG_WARN_UNGUARDED_AVAILABILITY = YES_AGGRESSIVE;
				CLANG_WARN_UNREACHABLE_CODE = YES;
				CLANG_WARN__DUPLICATE_METHOD_MATCH = YES;
				COPY_PHASE_STRIP = NO;
				DEBUG_INFORMATION_FORMAT = "dwarf-with-dsym";
				ENABLE_NS_ASSERTIONS = NO;
				ENABLE_STRICT_OBJC_MSGSEND = YES;
				ENABLE_USER_SCRIPT_SANDBOXING = YES;
				GCC_C_LANGUAGE_STANDARD = gnu17;
				GCC_NO_COMMON_BLOCKS = YES;
				GCC_WARN_64_TO_32_BIT_CONVERSION = YES;
				GCC_WARN_ABOUT_RETURN_TYPE = YES_ERROR;
				GCC_WARN_UNDECLARED_SELECTOR = YES;
				GCC_WARN_UNINITIALIZED_AUTOS = YES_AGGRESSIVE;
				GCC_WARN_UNUSED_FUNCTION = YES;
				GCC_WARN_UNUSED_VARIABLE = YES;
				IPHONEOS_DEPLOYMENT_TARGET = 17.5;
				LOCALIZATION_PREFERS_STRING_CATALOGS = YES;
				MTL_ENABLE_DEBUG_INFO = NO;
				MTL_FAST_MATH = YES;
				SDKROOT = iphoneos;
				SWIFT_COMPILATION_MODE = wholemodule;
				VALIDATE_PRODUCT = YES;
			};
			name = Release;
		};
		AB5BB2992C836C0600DC4D72 /* Debug */ = {
			isa = XCBuildConfiguration;
			baseConfigurationReference = 330F032AADB57A56731B0F7A /* Pods-tyte.debug.xcconfig */;
			buildSettings = {
				ASSETCATALOG_COMPILER_APPICON_NAME = AppIcon;
				ASSETCATALOG_COMPILER_GLOBAL_ACCENT_COLOR_NAME = AccentColor;
				CODE_SIGN_ENTITLEMENTS = tyte/tyte.entitlements;
				CODE_SIGN_STYLE = Automatic;
				CURRENT_PROJECT_VERSION = 2;
				DEVELOPMENT_ASSET_PATHS = "\"tyte/Preview Content\"";
				DEVELOPMENT_TEAM = H856SYKNM8;
				ENABLE_PREVIEWS = YES;
				ENABLE_USER_SCRIPT_SANDBOXING = NO;
				GENERATE_INFOPLIST_FILE = NO;
				INFOPLIST_FILE = "/Users/gimhyeongseog/Desktop/front-app/tyte/tyte/Info.plist";
				INFOPLIST_KEY_UIApplicationSceneManifest_Generation = YES;
				INFOPLIST_KEY_UIApplicationSupportsIndirectInputEvents = YES;
				INFOPLIST_KEY_UILaunchScreen_Generation = YES;
				INFOPLIST_KEY_UISupportedInterfaceOrientations_iPad = "UIInterfaceOrientationPortrait UIInterfaceOrientationPortraitUpsideDown UIInterfaceOrientationLandscapeLeft UIInterfaceOrientationLandscapeRight";
				INFOPLIST_KEY_UISupportedInterfaceOrientations_iPhone = "UIInterfaceOrientationPortrait UIInterfaceOrientationLandscapeLeft UIInterfaceOrientationLandscapeRight";
				IPHONEOS_DEPLOYMENT_TARGET = 17.5;
				LD_RUNPATH_SEARCH_PATHS = (
					"$(inherited)",
					"@executable_path/Frameworks",
				);
				MARKETING_VERSION = 1.1;
				PRODUCT_BUNDLE_IDENTIFIER = com.neox.tyte;
				PRODUCT_NAME = "$(TARGET_NAME)";
				SWIFT_EMIT_LOC_STRINGS = YES;
				SWIFT_VERSION = 5.0;
				TARGETED_DEVICE_FAMILY = "1,2";
			};
			name = Debug;
		};
		AB5BB29A2C836C0600DC4D72 /* Release */ = {
			isa = XCBuildConfiguration;
			baseConfigurationReference = B8002143379635213EF12930 /* Pods-tyte.release.xcconfig */;
			buildSettings = {
				ASSETCATALOG_COMPILER_APPICON_NAME = AppIcon;
				ASSETCATALOG_COMPILER_GLOBAL_ACCENT_COLOR_NAME = AccentColor;
				CODE_SIGN_ENTITLEMENTS = tyte/tyte.entitlements;
				CODE_SIGN_STYLE = Automatic;
				CURRENT_PROJECT_VERSION = 2;
				DEVELOPMENT_ASSET_PATHS = "\"tyte/Preview Content\"";
				DEVELOPMENT_TEAM = H856SYKNM8;
				ENABLE_PREVIEWS = YES;
				ENABLE_USER_SCRIPT_SANDBOXING = NO;
				GENERATE_INFOPLIST_FILE = NO;
				INFOPLIST_FILE = "/Users/gimhyeongseog/Desktop/front-app/tyte/tyte/Info.plist";
				INFOPLIST_KEY_UIApplicationSceneManifest_Generation = YES;
				INFOPLIST_KEY_UIApplicationSupportsIndirectInputEvents = YES;
				INFOPLIST_KEY_UILaunchScreen_Generation = YES;
				INFOPLIST_KEY_UISupportedInterfaceOrientations_iPad = "UIInterfaceOrientationPortrait UIInterfaceOrientationPortraitUpsideDown UIInterfaceOrientationLandscapeLeft UIInterfaceOrientationLandscapeRight";
				INFOPLIST_KEY_UISupportedInterfaceOrientations_iPhone = "UIInterfaceOrientationPortrait UIInterfaceOrientationLandscapeLeft UIInterfaceOrientationLandscapeRight";
				IPHONEOS_DEPLOYMENT_TARGET = 17.5;
				LD_RUNPATH_SEARCH_PATHS = (
					"$(inherited)",
					"@executable_path/Frameworks",
				);
				MARKETING_VERSION = 1.1;
				PRODUCT_BUNDLE_IDENTIFIER = com.neox.tyte;
				PRODUCT_NAME = "$(TARGET_NAME)";
				SWIFT_EMIT_LOC_STRINGS = YES;
				SWIFT_VERSION = 5.0;
				TARGETED_DEVICE_FAMILY = "1,2";
			};
			name = Release;
		};
		AB5BB29C2C836C0600DC4D72 /* Debug */ = {
			isa = XCBuildConfiguration;
			baseConfigurationReference = 4E3CCC4D9EB4B6AB116DD3E0 /* Pods-tyteTests.debug.xcconfig */;
			buildSettings = {
				BUNDLE_LOADER = "$(TEST_HOST)";
				CODE_SIGN_STYLE = Automatic;
				CURRENT_PROJECT_VERSION = 1;
				ENABLE_USER_SCRIPT_SANDBOXING = NO;
				GENERATE_INFOPLIST_FILE = YES;
				IPHONEOS_DEPLOYMENT_TARGET = 17.5;
				MARKETING_VERSION = 1.0;
				PRODUCT_BUNDLE_IDENTIFIER = com.neoself.tyteTests;
				PRODUCT_NAME = "$(TARGET_NAME)";
				SWIFT_EMIT_LOC_STRINGS = NO;
				SWIFT_VERSION = 5.0;
				TARGETED_DEVICE_FAMILY = "1,2";
				TEST_HOST = "$(BUILT_PRODUCTS_DIR)/tyte.app/$(BUNDLE_EXECUTABLE_FOLDER_PATH)/tyte";
			};
			name = Debug;
		};
		AB5BB29D2C836C0600DC4D72 /* Release */ = {
			isa = XCBuildConfiguration;
			baseConfigurationReference = 435E072F140776351B4B6E7A /* Pods-tyteTests.release.xcconfig */;
			buildSettings = {
				BUNDLE_LOADER = "$(TEST_HOST)";
				CODE_SIGN_STYLE = Automatic;
				CURRENT_PROJECT_VERSION = 1;
				ENABLE_USER_SCRIPT_SANDBOXING = NO;
				GENERATE_INFOPLIST_FILE = YES;
				IPHONEOS_DEPLOYMENT_TARGET = 17.5;
				MARKETING_VERSION = 1.0;
				PRODUCT_BUNDLE_IDENTIFIER = com.neoself.tyteTests;
				PRODUCT_NAME = "$(TARGET_NAME)";
				SWIFT_EMIT_LOC_STRINGS = NO;
				SWIFT_VERSION = 5.0;
				TARGETED_DEVICE_FAMILY = "1,2";
				TEST_HOST = "$(BUILT_PRODUCTS_DIR)/tyte.app/$(BUNDLE_EXECUTABLE_FOLDER_PATH)/tyte";
			};
			name = Release;
		};
		AB5BB29F2C836C0600DC4D72 /* Debug */ = {
			isa = XCBuildConfiguration;
			baseConfigurationReference = 01A1E39CC23F81D64A537AFE /* Pods-tyte-tyteUITests.debug.xcconfig */;
			buildSettings = {
				CODE_SIGN_STYLE = Automatic;
				CURRENT_PROJECT_VERSION = 1;
				ENABLE_USER_SCRIPT_SANDBOXING = NO;
				GENERATE_INFOPLIST_FILE = YES;
				IPHONEOS_DEPLOYMENT_TARGET = 17.0;
				MARKETING_VERSION = 1.0;
				PRODUCT_BUNDLE_IDENTIFIER = com.neoself.tyteUITests;
				PRODUCT_NAME = "$(TARGET_NAME)";
				SWIFT_EMIT_LOC_STRINGS = NO;
				SWIFT_VERSION = 5.0;
				TARGETED_DEVICE_FAMILY = "1,2";
				TEST_TARGET_NAME = tyte;
			};
			name = Debug;
		};
		AB5BB2A02C836C0600DC4D72 /* Release */ = {
			isa = XCBuildConfiguration;
			baseConfigurationReference = EB1610222261F531DA901523 /* Pods-tyte-tyteUITests.release.xcconfig */;
			buildSettings = {
				CODE_SIGN_STYLE = Automatic;
				CURRENT_PROJECT_VERSION = 1;
				ENABLE_USER_SCRIPT_SANDBOXING = NO;
				GENERATE_INFOPLIST_FILE = YES;
				IPHONEOS_DEPLOYMENT_TARGET = 17.0;
				MARKETING_VERSION = 1.0;
				PRODUCT_BUNDLE_IDENTIFIER = com.neoself.tyteUITests;
				PRODUCT_NAME = "$(TARGET_NAME)";
				SWIFT_EMIT_LOC_STRINGS = NO;
				SWIFT_VERSION = 5.0;
				TARGETED_DEVICE_FAMILY = "1,2";
				TEST_TARGET_NAME = tyte;
			};
			name = Release;
		};
		E5D6603A2CBFB10400A8279B /* Debug */ = {
			isa = XCBuildConfiguration;
			baseConfigurationReference = D849E1AE2E0FE624731DF68D /* Pods-tyte-widgetExtension.debug.xcconfig */;
			buildSettings = {
				ASSETCATALOG_COMPILER_GLOBAL_ACCENT_COLOR_NAME = AccentColor;
				ASSETCATALOG_COMPILER_WIDGET_BACKGROUND_COLOR_NAME = WidgetBackground;
				CODE_SIGN_STYLE = Automatic;
				CURRENT_PROJECT_VERSION = 2;
				DEVELOPMENT_TEAM = H856SYKNM8;
				GENERATE_INFOPLIST_FILE = YES;
				INFOPLIST_FILE = widget/Info.plist;
				INFOPLIST_KEY_CFBundleDisplayName = widget;
				INFOPLIST_KEY_NSHumanReadableCopyright = "";
				IPHONEOS_DEPLOYMENT_TARGET = 18.0;
				LD_RUNPATH_SEARCH_PATHS = (
					"$(inherited)",
					"@executable_path/Frameworks",
					"@executable_path/../../Frameworks",
				);
				MARKETING_VERSION = 1.1;
				PRODUCT_BUNDLE_IDENTIFIER = com.neox.tyte.widget;
				PRODUCT_NAME = "$(TARGET_NAME)";
				SKIP_INSTALL = YES;
				SWIFT_EMIT_LOC_STRINGS = YES;
				SWIFT_VERSION = 5.0;
				TARGETED_DEVICE_FAMILY = "1,2";
			};
			name = Debug;
		};
		E5D6603B2CBFB10400A8279B /* Release */ = {
			isa = XCBuildConfiguration;
			baseConfigurationReference = 48E7EB47C217A237236FF6A8 /* Pods-tyte-widgetExtension.release.xcconfig */;
			buildSettings = {
				ASSETCATALOG_COMPILER_GLOBAL_ACCENT_COLOR_NAME = AccentColor;
				ASSETCATALOG_COMPILER_WIDGET_BACKGROUND_COLOR_NAME = WidgetBackground;
				CODE_SIGN_STYLE = Automatic;
				CURRENT_PROJECT_VERSION = 2;
				DEVELOPMENT_TEAM = H856SYKNM8;
				GENERATE_INFOPLIST_FILE = YES;
				INFOPLIST_FILE = widget/Info.plist;
				INFOPLIST_KEY_CFBundleDisplayName = widget;
				INFOPLIST_KEY_NSHumanReadableCopyright = "";
				IPHONEOS_DEPLOYMENT_TARGET = 18.0;
				LD_RUNPATH_SEARCH_PATHS = (
					"$(inherited)",
					"@executable_path/Frameworks",
					"@executable_path/../../Frameworks",
				);
				MARKETING_VERSION = 1.1;
				PRODUCT_BUNDLE_IDENTIFIER = com.neox.tyte.widget;
				PRODUCT_NAME = "$(TARGET_NAME)";
				SKIP_INSTALL = YES;
				SWIFT_EMIT_LOC_STRINGS = YES;
				SWIFT_VERSION = 5.0;
				TARGETED_DEVICE_FAMILY = "1,2";
			};
			name = Release;
		};
/* End XCBuildConfiguration section */

/* Begin XCConfigurationList section */
		AB5BB26F2C836C0400DC4D72 /* Build configuration list for PBXProject "tyte" */ = {
			isa = XCConfigurationList;
			buildConfigurations = (
				AB5BB2962C836C0600DC4D72 /* Debug */,
				AB5BB2972C836C0600DC4D72 /* Release */,
			);
			defaultConfigurationIsVisible = 0;
			defaultConfigurationName = Release;
		};
		AB5BB2982C836C0600DC4D72 /* Build configuration list for PBXNativeTarget "tyte" */ = {
			isa = XCConfigurationList;
			buildConfigurations = (
				AB5BB2992C836C0600DC4D72 /* Debug */,
				AB5BB29A2C836C0600DC4D72 /* Release */,
			);
			defaultConfigurationIsVisible = 0;
			defaultConfigurationName = Release;
		};
		AB5BB29B2C836C0600DC4D72 /* Build configuration list for PBXNativeTarget "tyteTests" */ = {
			isa = XCConfigurationList;
			buildConfigurations = (
				AB5BB29C2C836C0600DC4D72 /* Debug */,
				AB5BB29D2C836C0600DC4D72 /* Release */,
			);
			defaultConfigurationIsVisible = 0;
			defaultConfigurationName = Release;
		};
		AB5BB29E2C836C0600DC4D72 /* Build configuration list for PBXNativeTarget "tyteUITests" */ = {
			isa = XCConfigurationList;
			buildConfigurations = (
				AB5BB29F2C836C0600DC4D72 /* Debug */,
				AB5BB2A02C836C0600DC4D72 /* Release */,
			);
			defaultConfigurationIsVisible = 0;
			defaultConfigurationName = Release;
		};
		E5D660392CBFB10400A8279B /* Build configuration list for PBXNativeTarget "widgetExtension" */ = {
			isa = XCConfigurationList;
			buildConfigurations = (
				E5D6603A2CBFB10400A8279B /* Debug */,
				E5D6603B2CBFB10400A8279B /* Release */,
			);
			defaultConfigurationIsVisible = 0;
			defaultConfigurationName = Release;
		};
/* End XCConfigurationList section */
	};
	rootObject = AB5BB26C2C836C0400DC4D72 /* Project object */;
}
